// !$*UTF8*$!
{
	archiveVersion = 1;
	classes = {
	};
	objectVersion = 46;
	objects = {

/* Begin PBXBuildFile section */
		1223BB9CA80A4CF9AA523C79 /* FiraSans-Medium.ttf in Resources */ = {isa = PBXBuildFile; fileRef = 8A3F02C70B0042EB9DB6F384 /* FiraSans-Medium.ttf */; };
		13B07FBC1A68108700A75B9A /* AppDelegate.mm in Sources */ = {isa = PBXBuildFile; fileRef = 13B07FB01A68108700A75B9A /* AppDelegate.mm */; };
		13B07FBF1A68108700A75B9A /* Images.xcassets in Resources */ = {isa = PBXBuildFile; fileRef = 13B07FB51A68108700A75B9A /* Images.xcassets */; };
		13B07FC11A68108700A75B9A /* main.m in Sources */ = {isa = PBXBuildFile; fileRef = 13B07FB71A68108700A75B9A /* main.m */; };
		19A6B7F1DFD247BEA7D99477 /* noop-file.swift in Sources */ = {isa = PBXBuildFile; fileRef = 78E3BD437B104282AB8CFA88 /* noop-file.swift */; };
		1D524688C2E04130BB16C25A /* FiraCode-Regular.ttf in Resources */ = {isa = PBXBuildFile; fileRef = 4DDAFD10A02B4350B717C422 /* FiraCode-Regular.ttf */; };
		24301747F8084A3EAE22F7B0 /* FiraSans-BlackItalic.ttf in Resources */ = {isa = PBXBuildFile; fileRef = AC8879FFCB9C437AACFBE766 /* FiraSans-BlackItalic.ttf */; };
		29E2FB5BF7884564962487A1 /* FiraCode-Retina.ttf in Resources */ = {isa = PBXBuildFile; fileRef = DC2121A764094817AF1D4B45 /* FiraCode-Retina.ttf */; };
		2A759EA5B53B455EA661F303 /* FiraSans-Thin.ttf in Resources */ = {isa = PBXBuildFile; fileRef = FBA7759DAF064E0E8E440D2C /* FiraSans-Thin.ttf */; };
		37717F461C064DC6BEA8F649 /* FiraSans-ExtraLight.ttf in Resources */ = {isa = PBXBuildFile; fileRef = 6E7038DC929B42AA95189066 /* FiraSans-ExtraLight.ttf */; };
		3C64C11ED733484FAEF1C340 /* FiraSans-Regular.ttf in Resources */ = {isa = PBXBuildFile; fileRef = 4352EFF977314D3F8C6CB5DB /* FiraSans-Regular.ttf */; };
		3E461D99554A48A4959DE609 /* SplashScreen.storyboard in Resources */ = {isa = PBXBuildFile; fileRef = AA286B85B6C04FC6940260E9 /* SplashScreen.storyboard */; };
		456602DD9DA14D4A97682E33 /* FiraSans-ExtraBoldItalic.ttf in Resources */ = {isa = PBXBuildFile; fileRef = 62C74455F4A54E01BBE06FED /* FiraSans-ExtraBoldItalic.ttf */; };
		4855AA8553454F93A2F9A967 /* FiraSans-ExtraBold.ttf in Resources */ = {isa = PBXBuildFile; fileRef = DE4551E60AA2444B95C05DC1 /* FiraSans-ExtraBold.ttf */; };
		4B7CCD158F594F61AB1429DE /* FiraSans-ExtraLightItalic.ttf in Resources */ = {isa = PBXBuildFile; fileRef = 8002A4327EE842ECBFBEFBF0 /* FiraSans-ExtraLightItalic.ttf */; };
		64464F07C2DF8860F472F679 /* PrivacyInfo.xcprivacy in Resources */ = {isa = PBXBuildFile; fileRef = 3B26AFBEF1E6F4763053AD1B /* PrivacyInfo.xcprivacy */; };
		69C452AAAC054CA8B944DEE1 /* FiraSans-SemiBoldItalic.ttf in Resources */ = {isa = PBXBuildFile; fileRef = 16F686CF3775450DB1750EC4 /* FiraSans-SemiBoldItalic.ttf */; };
		915B748A89A147DB98B34E2E /* FiraSans-Italic.ttf in Resources */ = {isa = PBXBuildFile; fileRef = 952CC5E4A00D434DB6813545 /* FiraSans-Italic.ttf */; };
		96905EF65AED1B983A6B3ABC /* libPods-Aquareum.a in Frameworks */ = {isa = PBXBuildFile; fileRef = 58EEBF8E8E6FB1BC6CAF49B5 /* libPods-Aquareum.a */; };
		9A713922D3414A7BA672B7A4 /* FiraSans-BoldItalic.ttf in Resources */ = {isa = PBXBuildFile; fileRef = A857B70C7BBA476A94E2CC85 /* FiraSans-BoldItalic.ttf */; };
		B0B3C3C5308F48C99E8E63A2 /* SpaceMono-Regular.ttf in Resources */ = {isa = PBXBuildFile; fileRef = 124FA93269174E1E81675069 /* SpaceMono-Regular.ttf */; };
		B18059E884C0ABDD17F3DC3D /* ExpoModulesProvider.swift in Sources */ = {isa = PBXBuildFile; fileRef = FAC715A2D49A985799AEE119 /* ExpoModulesProvider.swift */; };
		BB2F792D24A3F905000567C9 /* Expo.plist in Resources */ = {isa = PBXBuildFile; fileRef = BB2F792C24A3F905000567C9 /* Expo.plist */; };
		BE9AC053EE134ACCAAA50D3A /* FiraSans-ThinItalic.ttf in Resources */ = {isa = PBXBuildFile; fileRef = C4D6E1B9BBC44349BD27878F /* FiraSans-ThinItalic.ttf */; };
		C36DC00CA8A940678679555C /* FiraSans-Light.ttf in Resources */ = {isa = PBXBuildFile; fileRef = 8DFC033BE97547DD9A03133A /* FiraSans-Light.ttf */; };
		C5AE76393C0E49F29B5329DC /* FiraCode-Light.ttf in Resources */ = {isa = PBXBuildFile; fileRef = D319FD707A4647949135DF9B /* FiraCode-Light.ttf */; };
		D67E36F04EAE48C2A0C8C553 /* FiraCode-Bold.ttf in Resources */ = {isa = PBXBuildFile; fileRef = E501C5829A364FA5B40618B9 /* FiraCode-Bold.ttf */; };
		DFDCF7FB6A5D4EB29DFE6A1C /* FiraSans-Bold.ttf in Resources */ = {isa = PBXBuildFile; fileRef = A3E73B127DEB43439EFC3522 /* FiraSans-Bold.ttf */; };
		E265E0B934034B839541B0F1 /* FiraSans-LightItalic.ttf in Resources */ = {isa = PBXBuildFile; fileRef = CAF8037C11654AD7BD21972C /* FiraSans-LightItalic.ttf */; };
		E7A5BB36A8C6459AAF97E681 /* FiraSans-SemiBold.ttf in Resources */ = {isa = PBXBuildFile; fileRef = 28D8BF26FC1E40E88CA1DE9F /* FiraSans-SemiBold.ttf */; };
		E7FF0F0F0EFA46F6B4FB52BD /* FiraCode-Medium.ttf in Resources */ = {isa = PBXBuildFile; fileRef = 16EB254C78294DB3A27DCB20 /* FiraCode-Medium.ttf */; };
		EA395EC13807464E975195BB /* FiraSans-MediumItalic.ttf in Resources */ = {isa = PBXBuildFile; fileRef = 7543F0606DF9422E9FDDAA69 /* FiraSans-MediumItalic.ttf */; };
		FFB2975417724685BA314B93 /* FiraSans-Black.ttf in Resources */ = {isa = PBXBuildFile; fileRef = 1AA80ACE208A4771805E2B4D /* FiraSans-Black.ttf */; };
/* End PBXBuildFile section */

/* Begin PBXFileReference section */
		124FA93269174E1E81675069 /* SpaceMono-Regular.ttf */ = {isa = PBXFileReference; explicitFileType = undefined; fileEncoding = undefined; includeInIndex = 0; lastKnownFileType = unknown; name = "SpaceMono-Regular.ttf"; path = "../assets/fonts/SpaceMono-Regular.ttf"; sourceTree = "<group>"; };
		13B07F961A680F5B00A75B9A /* Aquareum.app */ = {isa = PBXFileReference; explicitFileType = wrapper.application; includeInIndex = 0; path = Aquareum.app; sourceTree = BUILT_PRODUCTS_DIR; };
		13B07FAF1A68108700A75B9A /* AppDelegate.h */ = {isa = PBXFileReference; fileEncoding = 4; lastKnownFileType = sourcecode.c.h; name = AppDelegate.h; path = Aquareum/AppDelegate.h; sourceTree = "<group>"; };
		13B07FB01A68108700A75B9A /* AppDelegate.mm */ = {isa = PBXFileReference; fileEncoding = 4; lastKnownFileType = sourcecode.cpp.objcpp; name = AppDelegate.mm; path = Aquareum/AppDelegate.mm; sourceTree = "<group>"; };
		13B07FB51A68108700A75B9A /* Images.xcassets */ = {isa = PBXFileReference; lastKnownFileType = folder.assetcatalog; name = Images.xcassets; path = Aquareum/Images.xcassets; sourceTree = "<group>"; };
		13B07FB61A68108700A75B9A /* Info.plist */ = {isa = PBXFileReference; fileEncoding = 4; lastKnownFileType = text.plist.xml; name = Info.plist; path = Aquareum/Info.plist; sourceTree = "<group>"; };
		13B07FB71A68108700A75B9A /* main.m */ = {isa = PBXFileReference; fileEncoding = 4; lastKnownFileType = sourcecode.c.objc; name = main.m; path = Aquareum/main.m; sourceTree = "<group>"; };
		16EB254C78294DB3A27DCB20 /* FiraCode-Medium.ttf */ = {isa = PBXFileReference; explicitFileType = undefined; fileEncoding = undefined; includeInIndex = 0; lastKnownFileType = unknown; name = "FiraCode-Medium.ttf"; path = "../assets/fonts/FiraCode-Medium.ttf"; sourceTree = "<group>"; };
		16F686CF3775450DB1750EC4 /* FiraSans-SemiBoldItalic.ttf */ = {isa = PBXFileReference; explicitFileType = undefined; fileEncoding = undefined; includeInIndex = 0; lastKnownFileType = unknown; name = "FiraSans-SemiBoldItalic.ttf"; path = "../assets/fonts/FiraSans-SemiBoldItalic.ttf"; sourceTree = "<group>"; };
		1AA80ACE208A4771805E2B4D /* FiraSans-Black.ttf */ = {isa = PBXFileReference; explicitFileType = undefined; fileEncoding = undefined; includeInIndex = 0; lastKnownFileType = unknown; name = "FiraSans-Black.ttf"; path = "../assets/fonts/FiraSans-Black.ttf"; sourceTree = "<group>"; };
		28D8BF26FC1E40E88CA1DE9F /* FiraSans-SemiBold.ttf */ = {isa = PBXFileReference; explicitFileType = undefined; fileEncoding = undefined; includeInIndex = 0; lastKnownFileType = unknown; name = "FiraSans-SemiBold.ttf"; path = "../assets/fonts/FiraSans-SemiBold.ttf"; sourceTree = "<group>"; };
		3B26AFBEF1E6F4763053AD1B /* PrivacyInfo.xcprivacy */ = {isa = PBXFileReference; includeInIndex = 1; name = PrivacyInfo.xcprivacy; path = Aquareum/PrivacyInfo.xcprivacy; sourceTree = "<group>"; };
		4352EFF977314D3F8C6CB5DB /* FiraSans-Regular.ttf */ = {isa = PBXFileReference; explicitFileType = undefined; fileEncoding = undefined; includeInIndex = 0; lastKnownFileType = unknown; name = "FiraSans-Regular.ttf"; path = "../assets/fonts/FiraSans-Regular.ttf"; sourceTree = "<group>"; };
		4DDAFD10A02B4350B717C422 /* FiraCode-Regular.ttf */ = {isa = PBXFileReference; explicitFileType = undefined; fileEncoding = undefined; includeInIndex = 0; lastKnownFileType = unknown; name = "FiraCode-Regular.ttf"; path = "../assets/fonts/FiraCode-Regular.ttf"; sourceTree = "<group>"; };
		58EEBF8E8E6FB1BC6CAF49B5 /* libPods-Aquareum.a */ = {isa = PBXFileReference; explicitFileType = archive.ar; includeInIndex = 0; path = "libPods-Aquareum.a"; sourceTree = BUILT_PRODUCTS_DIR; };
		62C74455F4A54E01BBE06FED /* FiraSans-ExtraBoldItalic.ttf */ = {isa = PBXFileReference; explicitFileType = undefined; fileEncoding = undefined; includeInIndex = 0; lastKnownFileType = unknown; name = "FiraSans-ExtraBoldItalic.ttf"; path = "../assets/fonts/FiraSans-ExtraBoldItalic.ttf"; sourceTree = "<group>"; };
		6C2E3173556A471DD304B334 /* Pods-Aquareum.debug.xcconfig */ = {isa = PBXFileReference; includeInIndex = 1; lastKnownFileType = text.xcconfig; name = "Pods-Aquareum.debug.xcconfig"; path = "Target Support Files/Pods-Aquareum/Pods-Aquareum.debug.xcconfig"; sourceTree = "<group>"; };
		6E7038DC929B42AA95189066 /* FiraSans-ExtraLight.ttf */ = {isa = PBXFileReference; explicitFileType = undefined; fileEncoding = undefined; includeInIndex = 0; lastKnownFileType = unknown; name = "FiraSans-ExtraLight.ttf"; path = "../assets/fonts/FiraSans-ExtraLight.ttf"; sourceTree = "<group>"; };
		7543F0606DF9422E9FDDAA69 /* FiraSans-MediumItalic.ttf */ = {isa = PBXFileReference; explicitFileType = undefined; fileEncoding = undefined; includeInIndex = 0; lastKnownFileType = unknown; name = "FiraSans-MediumItalic.ttf"; path = "../assets/fonts/FiraSans-MediumItalic.ttf"; sourceTree = "<group>"; };
		78E3BD437B104282AB8CFA88 /* noop-file.swift */ = {isa = PBXFileReference; explicitFileType = undefined; fileEncoding = 4; includeInIndex = 0; lastKnownFileType = sourcecode.swift; name = "noop-file.swift"; path = "Aquareum/noop-file.swift"; sourceTree = "<group>"; };
		7A4D352CD337FB3A3BF06240 /* Pods-Aquareum.release.xcconfig */ = {isa = PBXFileReference; includeInIndex = 1; lastKnownFileType = text.xcconfig; name = "Pods-Aquareum.release.xcconfig"; path = "Target Support Files/Pods-Aquareum/Pods-Aquareum.release.xcconfig"; sourceTree = "<group>"; };
		8002A4327EE842ECBFBEFBF0 /* FiraSans-ExtraLightItalic.ttf */ = {isa = PBXFileReference; explicitFileType = undefined; fileEncoding = undefined; includeInIndex = 0; lastKnownFileType = unknown; name = "FiraSans-ExtraLightItalic.ttf"; path = "../assets/fonts/FiraSans-ExtraLightItalic.ttf"; sourceTree = "<group>"; };
		8A3F02C70B0042EB9DB6F384 /* FiraSans-Medium.ttf */ = {isa = PBXFileReference; explicitFileType = undefined; fileEncoding = undefined; includeInIndex = 0; lastKnownFileType = unknown; name = "FiraSans-Medium.ttf"; path = "../assets/fonts/FiraSans-Medium.ttf"; sourceTree = "<group>"; };
		8DFC033BE97547DD9A03133A /* FiraSans-Light.ttf */ = {isa = PBXFileReference; explicitFileType = undefined; fileEncoding = undefined; includeInIndex = 0; lastKnownFileType = unknown; name = "FiraSans-Light.ttf"; path = "../assets/fonts/FiraSans-Light.ttf"; sourceTree = "<group>"; };
		952CC5E4A00D434DB6813545 /* FiraSans-Italic.ttf */ = {isa = PBXFileReference; explicitFileType = undefined; fileEncoding = undefined; includeInIndex = 0; lastKnownFileType = unknown; name = "FiraSans-Italic.ttf"; path = "../assets/fonts/FiraSans-Italic.ttf"; sourceTree = "<group>"; };
		A3E73B127DEB43439EFC3522 /* FiraSans-Bold.ttf */ = {isa = PBXFileReference; explicitFileType = undefined; fileEncoding = undefined; includeInIndex = 0; lastKnownFileType = unknown; name = "FiraSans-Bold.ttf"; path = "../assets/fonts/FiraSans-Bold.ttf"; sourceTree = "<group>"; };
		A857B70C7BBA476A94E2CC85 /* FiraSans-BoldItalic.ttf */ = {isa = PBXFileReference; explicitFileType = undefined; fileEncoding = undefined; includeInIndex = 0; lastKnownFileType = unknown; name = "FiraSans-BoldItalic.ttf"; path = "../assets/fonts/FiraSans-BoldItalic.ttf"; sourceTree = "<group>"; };
		AA286B85B6C04FC6940260E9 /* SplashScreen.storyboard */ = {isa = PBXFileReference; fileEncoding = 4; lastKnownFileType = file.storyboard; name = SplashScreen.storyboard; path = Aquareum/SplashScreen.storyboard; sourceTree = "<group>"; };
		AC8879FFCB9C437AACFBE766 /* FiraSans-BlackItalic.ttf */ = {isa = PBXFileReference; explicitFileType = undefined; fileEncoding = undefined; includeInIndex = 0; lastKnownFileType = unknown; name = "FiraSans-BlackItalic.ttf"; path = "../assets/fonts/FiraSans-BlackItalic.ttf"; sourceTree = "<group>"; };
		BB2F792C24A3F905000567C9 /* Expo.plist */ = {isa = PBXFileReference; fileEncoding = 4; lastKnownFileType = text.plist.xml; path = Expo.plist; sourceTree = "<group>"; };
		C4D6E1B9BBC44349BD27878F /* FiraSans-ThinItalic.ttf */ = {isa = PBXFileReference; explicitFileType = undefined; fileEncoding = undefined; includeInIndex = 0; lastKnownFileType = unknown; name = "FiraSans-ThinItalic.ttf"; path = "../assets/fonts/FiraSans-ThinItalic.ttf"; sourceTree = "<group>"; };
		CAF8037C11654AD7BD21972C /* FiraSans-LightItalic.ttf */ = {isa = PBXFileReference; explicitFileType = undefined; fileEncoding = undefined; includeInIndex = 0; lastKnownFileType = unknown; name = "FiraSans-LightItalic.ttf"; path = "../assets/fonts/FiraSans-LightItalic.ttf"; sourceTree = "<group>"; };
		D319FD707A4647949135DF9B /* FiraCode-Light.ttf */ = {isa = PBXFileReference; explicitFileType = undefined; fileEncoding = undefined; includeInIndex = 0; lastKnownFileType = unknown; name = "FiraCode-Light.ttf"; path = "../assets/fonts/FiraCode-Light.ttf"; sourceTree = "<group>"; };
		D60BD2649B13430E82077921 /* Aquareum-Bridging-Header.h */ = {isa = PBXFileReference; explicitFileType = undefined; fileEncoding = 4; includeInIndex = 0; lastKnownFileType = sourcecode.c.h; name = "Aquareum-Bridging-Header.h"; path = "Aquareum/Aquareum-Bridging-Header.h"; sourceTree = "<group>"; };
		DC2121A764094817AF1D4B45 /* FiraCode-Retina.ttf */ = {isa = PBXFileReference; explicitFileType = undefined; fileEncoding = undefined; includeInIndex = 0; lastKnownFileType = unknown; name = "FiraCode-Retina.ttf"; path = "../assets/fonts/FiraCode-Retina.ttf"; sourceTree = "<group>"; };
		DE4551E60AA2444B95C05DC1 /* FiraSans-ExtraBold.ttf */ = {isa = PBXFileReference; explicitFileType = undefined; fileEncoding = undefined; includeInIndex = 0; lastKnownFileType = unknown; name = "FiraSans-ExtraBold.ttf"; path = "../assets/fonts/FiraSans-ExtraBold.ttf"; sourceTree = "<group>"; };
		E501C5829A364FA5B40618B9 /* FiraCode-Bold.ttf */ = {isa = PBXFileReference; explicitFileType = undefined; fileEncoding = undefined; includeInIndex = 0; lastKnownFileType = unknown; name = "FiraCode-Bold.ttf"; path = "../assets/fonts/FiraCode-Bold.ttf"; sourceTree = "<group>"; };
		ED297162215061F000B7C4FE /* JavaScriptCore.framework */ = {isa = PBXFileReference; lastKnownFileType = wrapper.framework; name = JavaScriptCore.framework; path = System/Library/Frameworks/JavaScriptCore.framework; sourceTree = SDKROOT; };
		FAC715A2D49A985799AEE119 /* ExpoModulesProvider.swift */ = {isa = PBXFileReference; includeInIndex = 1; lastKnownFileType = sourcecode.swift; name = ExpoModulesProvider.swift; path = "Pods/Target Support Files/Pods-Aquareum/ExpoModulesProvider.swift"; sourceTree = "<group>"; };
		FBA7759DAF064E0E8E440D2C /* FiraSans-Thin.ttf */ = {isa = PBXFileReference; explicitFileType = undefined; fileEncoding = undefined; includeInIndex = 0; lastKnownFileType = unknown; name = "FiraSans-Thin.ttf"; path = "../assets/fonts/FiraSans-Thin.ttf"; sourceTree = "<group>"; };
/* End PBXFileReference section */

/* Begin PBXFrameworksBuildPhase section */
		13B07F8C1A680F5B00A75B9A /* Frameworks */ = {
			isa = PBXFrameworksBuildPhase;
			buildActionMask = 2147483647;
			files = (
				96905EF65AED1B983A6B3ABC /* libPods-Aquareum.a in Frameworks */,
			);
			runOnlyForDeploymentPostprocessing = 0;
		};
/* End PBXFrameworksBuildPhase section */

/* Begin PBXGroup section */
		13B07FAE1A68108700A75B9A /* Aquareum */ = {
			isa = PBXGroup;
			children = (
				BB2F792B24A3F905000567C9 /* Supporting */,
				13B07FAF1A68108700A75B9A /* AppDelegate.h */,
				13B07FB01A68108700A75B9A /* AppDelegate.mm */,
				13B07FB51A68108700A75B9A /* Images.xcassets */,
				13B07FB61A68108700A75B9A /* Info.plist */,
				13B07FB71A68108700A75B9A /* main.m */,
				AA286B85B6C04FC6940260E9 /* SplashScreen.storyboard */,
				78E3BD437B104282AB8CFA88 /* noop-file.swift */,
				D60BD2649B13430E82077921 /* Aquareum-Bridging-Header.h */,
				3B26AFBEF1E6F4763053AD1B /* PrivacyInfo.xcprivacy */,
			);
			name = Aquareum;
			sourceTree = "<group>";
		};
		2D16E6871FA4F8E400B85C8A /* Frameworks */ = {
			isa = PBXGroup;
			children = (
				ED297162215061F000B7C4FE /* JavaScriptCore.framework */,
				58EEBF8E8E6FB1BC6CAF49B5 /* libPods-Aquareum.a */,
			);
			name = Frameworks;
			sourceTree = "<group>";
		};
		832341AE1AAA6A7D00B99B32 /* Libraries */ = {
			isa = PBXGroup;
			children = (
			);
			name = Libraries;
			sourceTree = "<group>";
		};
		83CBB9F61A601CBA00E9B192 = {
			isa = PBXGroup;
			children = (
				13B07FAE1A68108700A75B9A /* Aquareum */,
				832341AE1AAA6A7D00B99B32 /* Libraries */,
				83CBBA001A601CBA00E9B192 /* Products */,
				2D16E6871FA4F8E400B85C8A /* Frameworks */,
				D65327D7A22EEC0BE12398D9 /* Pods */,
				D7E4C46ADA2E9064B798F356 /* ExpoModulesProviders */,
				CE2A9C6B99474AA4996DF68D /* Resources */,
			);
			indentWidth = 2;
			sourceTree = "<group>";
			tabWidth = 2;
			usesTabs = 0;
		};
		83CBBA001A601CBA00E9B192 /* Products */ = {
			isa = PBXGroup;
			children = (
				13B07F961A680F5B00A75B9A /* Aquareum.app */,
			);
			name = Products;
			sourceTree = "<group>";
		};
		92DBD88DE9BF7D494EA9DA96 /* Aquareum */ = {
			isa = PBXGroup;
			children = (
				FAC715A2D49A985799AEE119 /* ExpoModulesProvider.swift */,
			);
			name = Aquareum;
			sourceTree = "<group>";
		};
		BB2F792B24A3F905000567C9 /* Supporting */ = {
			isa = PBXGroup;
			children = (
				BB2F792C24A3F905000567C9 /* Expo.plist */,
			);
			name = Supporting;
			path = Aquareum/Supporting;
			sourceTree = "<group>";
		};
		CE2A9C6B99474AA4996DF68D /* Resources */ = {
			isa = PBXGroup;
			children = (
				E501C5829A364FA5B40618B9 /* FiraCode-Bold.ttf */,
				D319FD707A4647949135DF9B /* FiraCode-Light.ttf */,
				16EB254C78294DB3A27DCB20 /* FiraCode-Medium.ttf */,
				4DDAFD10A02B4350B717C422 /* FiraCode-Regular.ttf */,
				DC2121A764094817AF1D4B45 /* FiraCode-Retina.ttf */,
				1AA80ACE208A4771805E2B4D /* FiraSans-Black.ttf */,
				AC8879FFCB9C437AACFBE766 /* FiraSans-BlackItalic.ttf */,
				A3E73B127DEB43439EFC3522 /* FiraSans-Bold.ttf */,
				A857B70C7BBA476A94E2CC85 /* FiraSans-BoldItalic.ttf */,
				DE4551E60AA2444B95C05DC1 /* FiraSans-ExtraBold.ttf */,
				62C74455F4A54E01BBE06FED /* FiraSans-ExtraBoldItalic.ttf */,
				6E7038DC929B42AA95189066 /* FiraSans-ExtraLight.ttf */,
				8002A4327EE842ECBFBEFBF0 /* FiraSans-ExtraLightItalic.ttf */,
				952CC5E4A00D434DB6813545 /* FiraSans-Italic.ttf */,
				8DFC033BE97547DD9A03133A /* FiraSans-Light.ttf */,
				CAF8037C11654AD7BD21972C /* FiraSans-LightItalic.ttf */,
				8A3F02C70B0042EB9DB6F384 /* FiraSans-Medium.ttf */,
				7543F0606DF9422E9FDDAA69 /* FiraSans-MediumItalic.ttf */,
				4352EFF977314D3F8C6CB5DB /* FiraSans-Regular.ttf */,
				28D8BF26FC1E40E88CA1DE9F /* FiraSans-SemiBold.ttf */,
				16F686CF3775450DB1750EC4 /* FiraSans-SemiBoldItalic.ttf */,
				FBA7759DAF064E0E8E440D2C /* FiraSans-Thin.ttf */,
				C4D6E1B9BBC44349BD27878F /* FiraSans-ThinItalic.ttf */,
				124FA93269174E1E81675069 /* SpaceMono-Regular.ttf */,
			);
			name = Resources;
			path = "";
			sourceTree = "<group>";
		};
		D65327D7A22EEC0BE12398D9 /* Pods */ = {
			isa = PBXGroup;
			children = (
				6C2E3173556A471DD304B334 /* Pods-Aquareum.debug.xcconfig */,
				7A4D352CD337FB3A3BF06240 /* Pods-Aquareum.release.xcconfig */,
			);
			path = Pods;
			sourceTree = "<group>";
		};
		D7E4C46ADA2E9064B798F356 /* ExpoModulesProviders */ = {
			isa = PBXGroup;
			children = (
				92DBD88DE9BF7D494EA9DA96 /* Aquareum */,
			);
			name = ExpoModulesProviders;
			sourceTree = "<group>";
		};
/* End PBXGroup section */

/* Begin PBXNativeTarget section */
		13B07F861A680F5B00A75B9A /* Aquareum */ = {
			isa = PBXNativeTarget;
			buildConfigurationList = 13B07F931A680F5B00A75B9A /* Build configuration list for PBXNativeTarget "Aquareum" */;
			buildPhases = (
				08A4A3CD28434E44B6B9DE2E /* [CP] Check Pods Manifest.lock */,
				56AFA31CDC01F11DAC0F93AE /* [Expo] Configure project */,
				13B07F871A680F5B00A75B9A /* Sources */,
				13B07F8C1A680F5B00A75B9A /* Frameworks */,
				13B07F8E1A680F5B00A75B9A /* Resources */,
				00DD1BFF1BD5951E006B06BC /* Bundle React Native code and images */,
				800E24972A6A228C8D4807E9 /* [CP] Copy Pods Resources */,
				81D38AA13696F1CE4D868043 /* [CP] Embed Pods Frameworks */,
			);
			buildRules = (
			);
			dependencies = (
			);
			name = Aquareum;
			productName = Aquareum;
			productReference = 13B07F961A680F5B00A75B9A /* Aquareum.app */;
			productType = "com.apple.product-type.application";
		};
/* End PBXNativeTarget section */

/* Begin PBXProject section */
		83CBB9F71A601CBA00E9B192 /* Project object */ = {
			isa = PBXProject;
			attributes = {
				LastUpgradeCheck = 1130;
				TargetAttributes = {
					13B07F861A680F5B00A75B9A = {
						LastSwiftMigration = 1250;
						DevelopmentTeam = "DE965A5W74";
						ProvisioningStyle = Automatic;
					};
				};
			};
			buildConfigurationList = 83CBB9FA1A601CBA00E9B192 /* Build configuration list for PBXProject "Aquareum" */;
			compatibilityVersion = "Xcode 3.2";
			developmentRegion = en;
			hasScannedForEncodings = 0;
			knownRegions = (
				en,
				Base,
			);
			mainGroup = 83CBB9F61A601CBA00E9B192;
			productRefGroup = 83CBBA001A601CBA00E9B192 /* Products */;
			projectDirPath = "";
			projectRoot = "";
			targets = (
				13B07F861A680F5B00A75B9A /* Aquareum */,
			);
		};
/* End PBXProject section */

/* Begin PBXResourcesBuildPhase section */
		13B07F8E1A680F5B00A75B9A /* Resources */ = {
			isa = PBXResourcesBuildPhase;
			buildActionMask = 2147483647;
			files = (
				BB2F792D24A3F905000567C9 /* Expo.plist in Resources */,
				13B07FBF1A68108700A75B9A /* Images.xcassets in Resources */,
				3E461D99554A48A4959DE609 /* SplashScreen.storyboard in Resources */,
				D67E36F04EAE48C2A0C8C553 /* FiraCode-Bold.ttf in Resources */,
				C5AE76393C0E49F29B5329DC /* FiraCode-Light.ttf in Resources */,
				E7FF0F0F0EFA46F6B4FB52BD /* FiraCode-Medium.ttf in Resources */,
				1D524688C2E04130BB16C25A /* FiraCode-Regular.ttf in Resources */,
				29E2FB5BF7884564962487A1 /* FiraCode-Retina.ttf in Resources */,
				FFB2975417724685BA314B93 /* FiraSans-Black.ttf in Resources */,
				24301747F8084A3EAE22F7B0 /* FiraSans-BlackItalic.ttf in Resources */,
				DFDCF7FB6A5D4EB29DFE6A1C /* FiraSans-Bold.ttf in Resources */,
				9A713922D3414A7BA672B7A4 /* FiraSans-BoldItalic.ttf in Resources */,
				4855AA8553454F93A2F9A967 /* FiraSans-ExtraBold.ttf in Resources */,
				456602DD9DA14D4A97682E33 /* FiraSans-ExtraBoldItalic.ttf in Resources */,
				37717F461C064DC6BEA8F649 /* FiraSans-ExtraLight.ttf in Resources */,
				4B7CCD158F594F61AB1429DE /* FiraSans-ExtraLightItalic.ttf in Resources */,
				915B748A89A147DB98B34E2E /* FiraSans-Italic.ttf in Resources */,
				C36DC00CA8A940678679555C /* FiraSans-Light.ttf in Resources */,
				E265E0B934034B839541B0F1 /* FiraSans-LightItalic.ttf in Resources */,
				1223BB9CA80A4CF9AA523C79 /* FiraSans-Medium.ttf in Resources */,
				EA395EC13807464E975195BB /* FiraSans-MediumItalic.ttf in Resources */,
				3C64C11ED733484FAEF1C340 /* FiraSans-Regular.ttf in Resources */,
				E7A5BB36A8C6459AAF97E681 /* FiraSans-SemiBold.ttf in Resources */,
				69C452AAAC054CA8B944DEE1 /* FiraSans-SemiBoldItalic.ttf in Resources */,
				2A759EA5B53B455EA661F303 /* FiraSans-Thin.ttf in Resources */,
				BE9AC053EE134ACCAAA50D3A /* FiraSans-ThinItalic.ttf in Resources */,
				B0B3C3C5308F48C99E8E63A2 /* SpaceMono-Regular.ttf in Resources */,
				64464F07C2DF8860F472F679 /* PrivacyInfo.xcprivacy in Resources */,
			);
			runOnlyForDeploymentPostprocessing = 0;
		};
/* End PBXResourcesBuildPhase section */

/* Begin PBXShellScriptBuildPhase section */
		00DD1BFF1BD5951E006B06BC /* Bundle React Native code and images */ = {
			isa = PBXShellScriptBuildPhase;
			alwaysOutOfDate = 1;
			buildActionMask = 2147483647;
			files = (
			);
			inputPaths = (
			);
			name = "Bundle React Native code and images";
			outputPaths = (
			);
			runOnlyForDeploymentPostprocessing = 0;
			shellPath = /bin/sh;
			shellScript = "if [[ -f \"$PODS_ROOT/../.xcode.env\" ]]; then\n  source \"$PODS_ROOT/../.xcode.env\"\nfi\nif [[ -f \"$PODS_ROOT/../.xcode.env.local\" ]]; then\n  source \"$PODS_ROOT/../.xcode.env.local\"\nfi\n\n# The project root by default is one level up from the ios directory\nexport PROJECT_ROOT=\"$PROJECT_DIR\"/..\n\nif [[ \"$CONFIGURATION\" = *Debug* ]]; then\n  export SKIP_BUNDLING=1\nfi\nif [[ -z \"$ENTRY_FILE\" ]]; then\n  # Set the entry JS file using the bundler's entry resolution.\n  export ENTRY_FILE=\"$(\"$NODE_BINARY\" -e \"require('expo/scripts/resolveAppEntry')\" \"$PROJECT_ROOT\" ios absolute | tail -n 1)\"\nfi\n\nif [[ -z \"$CLI_PATH\" ]]; then\n  # Use Expo CLI\n  export CLI_PATH=\"$(\"$NODE_BINARY\" --print \"require.resolve('@expo/cli', { paths: [require.resolve('expo/package.json')] })\")\"\nfi\nif [[ -z \"$BUNDLE_COMMAND\" ]]; then\n  # Default Expo CLI command for bundling\n  export BUNDLE_COMMAND=\"export:embed\"\nfi\n\n# Source .xcode.env.updates if it exists to allow\n# SKIP_BUNDLING to be unset if needed\nif [[ -f \"$PODS_ROOT/../.xcode.env.updates\" ]]; then\n  source \"$PODS_ROOT/../.xcode.env.updates\"\nfi\n# Source local changes to allow overrides\n# if needed\nif [[ -f \"$PODS_ROOT/../.xcode.env.local\" ]]; then\n  source \"$PODS_ROOT/../.xcode.env.local\"\nfi\n\n`\"$NODE_BINARY\" --print \"require('path').dirname(require.resolve('react-native/package.json')) + '/scripts/react-native-xcode.sh'\"`\n\n";
		};
		08A4A3CD28434E44B6B9DE2E /* [CP] Check Pods Manifest.lock */ = {
			isa = PBXShellScriptBuildPhase;
			buildActionMask = 2147483647;
			files = (
			);
			inputFileListPaths = (
			);
			inputPaths = (
				"${PODS_PODFILE_DIR_PATH}/Podfile.lock",
				"${PODS_ROOT}/Manifest.lock",
			);
			name = "[CP] Check Pods Manifest.lock";
			outputFileListPaths = (
			);
			outputPaths = (
				"$(DERIVED_FILE_DIR)/Pods-Aquareum-checkManifestLockResult.txt",
			);
			runOnlyForDeploymentPostprocessing = 0;
			shellPath = /bin/sh;
			shellScript = "diff \"${PODS_PODFILE_DIR_PATH}/Podfile.lock\" \"${PODS_ROOT}/Manifest.lock\" > /dev/null\nif [ $? != 0 ] ; then\n    # print error to STDERR\n    echo \"error: The sandbox is not in sync with the Podfile.lock. Run 'pod install' or update your CocoaPods installation.\" >&2\n    exit 1\nfi\n# This output is used by Xcode 'outputs' to avoid re-running this script phase.\necho \"SUCCESS\" > \"${SCRIPT_OUTPUT_FILE_0}\"\n";
			showEnvVarsInLog = 0;
		};
		56AFA31CDC01F11DAC0F93AE /* [Expo] Configure project */ = {
			isa = PBXShellScriptBuildPhase;
			alwaysOutOfDate = 1;
			buildActionMask = 2147483647;
			files = (
			);
			inputFileListPaths = (
			);
			inputPaths = (
			);
			name = "[Expo] Configure project";
			outputFileListPaths = (
			);
			outputPaths = (
			);
			runOnlyForDeploymentPostprocessing = 0;
			shellPath = /bin/sh;
			shellScript = "# This script configures Expo modules and generates the modules provider file.\nbash -l -c \"./Pods/Target\\ Support\\ Files/Pods-Aquareum/expo-configure-project.sh\"\n";
		};
		800E24972A6A228C8D4807E9 /* [CP] Copy Pods Resources */ = {
			isa = PBXShellScriptBuildPhase;
			buildActionMask = 2147483647;
			files = (
			);
			inputPaths = (
				"${PODS_ROOT}/Target Support Files/Pods-Aquareum/Pods-Aquareum-resources.sh",
				"${PODS_CONFIGURATION_BUILD_DIR}/EXConstants/EXConstants.bundle",
				"${PODS_CONFIGURATION_BUILD_DIR}/EXConstants/ExpoConstants_privacy.bundle",
				"${PODS_CONFIGURATION_BUILD_DIR}/EXUpdates/EXUpdates.bundle",
				"${PODS_CONFIGURATION_BUILD_DIR}/ExpoFileSystem/ExpoFileSystem_privacy.bundle",
				"${PODS_CONFIGURATION_BUILD_DIR}/ExpoSystemUI/ExpoSystemUI_privacy.bundle",
				"${PODS_CONFIGURATION_BUILD_DIR}/ReachabilitySwift/ReachabilitySwift.bundle",
				"${PODS_CONFIGURATION_BUILD_DIR}/React-Core/RCTI18nStrings.bundle",
			);
			name = "[CP] Copy Pods Resources";
			outputPaths = (
				"${TARGET_BUILD_DIR}/${UNLOCALIZED_RESOURCES_FOLDER_PATH}/EXConstants.bundle",
				"${TARGET_BUILD_DIR}/${UNLOCALIZED_RESOURCES_FOLDER_PATH}/ExpoConstants_privacy.bundle",
				"${TARGET_BUILD_DIR}/${UNLOCALIZED_RESOURCES_FOLDER_PATH}/EXUpdates.bundle",
				"${TARGET_BUILD_DIR}/${UNLOCALIZED_RESOURCES_FOLDER_PATH}/ExpoFileSystem_privacy.bundle",
				"${TARGET_BUILD_DIR}/${UNLOCALIZED_RESOURCES_FOLDER_PATH}/ExpoSystemUI_privacy.bundle",
				"${TARGET_BUILD_DIR}/${UNLOCALIZED_RESOURCES_FOLDER_PATH}/ReachabilitySwift.bundle",
				"${TARGET_BUILD_DIR}/${UNLOCALIZED_RESOURCES_FOLDER_PATH}/RCTI18nStrings.bundle",
			);
			runOnlyForDeploymentPostprocessing = 0;
			shellPath = /bin/sh;
			shellScript = "\"${PODS_ROOT}/Target Support Files/Pods-Aquareum/Pods-Aquareum-resources.sh\"\n";
			showEnvVarsInLog = 0;
		};
		81D38AA13696F1CE4D868043 /* [CP] Embed Pods Frameworks */ = {
			isa = PBXShellScriptBuildPhase;
			buildActionMask = 2147483647;
			files = (
			);
			inputPaths = (
				"${PODS_ROOT}/Target Support Files/Pods-Aquareum/Pods-Aquareum-frameworks.sh",
				"${PODS_XCFRAMEWORKS_BUILD_DIR}/hermes-engine/Pre-built/hermes.framework/hermes",
			);
			name = "[CP] Embed Pods Frameworks";
			outputPaths = (
				"${TARGET_BUILD_DIR}/${FRAMEWORKS_FOLDER_PATH}/hermes.framework",
			);
			runOnlyForDeploymentPostprocessing = 0;
			shellPath = /bin/sh;
			shellScript = "\"${PODS_ROOT}/Target Support Files/Pods-Aquareum/Pods-Aquareum-frameworks.sh\"\n";
			showEnvVarsInLog = 0;
		};
/* End PBXShellScriptBuildPhase section */

/* Begin PBXSourcesBuildPhase section */
		13B07F871A680F5B00A75B9A /* Sources */ = {
			isa = PBXSourcesBuildPhase;
			buildActionMask = 2147483647;
			files = (
				13B07FBC1A68108700A75B9A /* AppDelegate.mm in Sources */,
				13B07FC11A68108700A75B9A /* main.m in Sources */,
				B18059E884C0ABDD17F3DC3D /* ExpoModulesProvider.swift in Sources */,
				19A6B7F1DFD247BEA7D99477 /* noop-file.swift in Sources */,
			);
			runOnlyForDeploymentPostprocessing = 0;
		};
/* End PBXSourcesBuildPhase section */

/* Begin XCBuildConfiguration section */
		13B07F941A680F5B00A75B9A /* Debug */ = {
			isa = XCBuildConfiguration;
			baseConfigurationReference = 6C2E3173556A471DD304B334 /* Pods-Aquareum.debug.xcconfig */;
			buildSettings = {
				ASSETCATALOG_COMPILER_APPICON_NAME = AppIcon;
				CLANG_ENABLE_MODULES = YES;
				CODE_SIGN_ENTITLEMENTS = Aquareum/Aquareum.entitlements;
				CURRENT_PROJECT_VERSION = 1;
				ENABLE_BITCODE = NO;
				GCC_PREPROCESSOR_DEFINITIONS = (
					"$(inherited)",
					"FB_SONARKIT_ENABLED=1",
				);
				INFOPLIST_FILE = Aquareum/Info.plist;
				IPHONEOS_DEPLOYMENT_TARGET = 13.4;
				LD_RUNPATH_SEARCH_PATHS = "$(inherited) @executable_path/Frameworks";
				MARKETING_VERSION = 1.0;
				OTHER_LDFLAGS = (
					"$(inherited)",
					"-ObjC",
					"-lc++",
				);
				OTHER_SWIFT_FLAGS = "$(inherited) -D EXPO_CONFIGURATION_DEBUG";
				PRODUCT_BUNDLE_IDENTIFIER = tv.aquareum;
				PRODUCT_NAME = "Aquareum";
				SWIFT_OBJC_BRIDGING_HEADER = "Aquareum/Aquareum-Bridging-Header.h";
				SWIFT_OPTIMIZATION_LEVEL = "-Onone";
				SWIFT_VERSION = 5.0;
				TARGETED_DEVICE_FAMILY = "1,2";
				VERSIONING_SYSTEM = "apple-generic";
				DEVELOPMENT_TEAM = "DE965A5W74";
				CODE_SIGN_IDENTITY = "Apple Development";
				CODE_SIGN_STYLE = Automatic;
			};
			name = Debug;
		};
		13B07F951A680F5B00A75B9A /* Release */ = {
			isa = XCBuildConfiguration;
			baseConfigurationReference = 7A4D352CD337FB3A3BF06240 /* Pods-Aquareum.release.xcconfig */;
			buildSettings = {
				ASSETCATALOG_COMPILER_APPICON_NAME = AppIcon;
				CLANG_ENABLE_MODULES = YES;
				CODE_SIGN_ENTITLEMENTS = Aquareum/Aquareum.entitlements;
				CURRENT_PROJECT_VERSION = 1;
				INFOPLIST_FILE = Aquareum/Info.plist;
				IPHONEOS_DEPLOYMENT_TARGET = 13.4;
				LD_RUNPATH_SEARCH_PATHS = "$(inherited) @executable_path/Frameworks";
				MARKETING_VERSION = 1.0;
				OTHER_LDFLAGS = (
					"$(inherited)",
					"-ObjC",
					"-lc++",
				);
				OTHER_SWIFT_FLAGS = "$(inherited) -D EXPO_CONFIGURATION_RELEASE";
				PRODUCT_BUNDLE_IDENTIFIER = tv.aquareum;
				PRODUCT_NAME = "Aquareum";
				SWIFT_OBJC_BRIDGING_HEADER = "Aquareum/Aquareum-Bridging-Header.h";
				SWIFT_VERSION = 5.0;
				TARGETED_DEVICE_FAMILY = "1,2";
				VERSIONING_SYSTEM = "apple-generic";
				DEVELOPMENT_TEAM = "DE965A5W74";
				CODE_SIGN_IDENTITY = "Apple Development";
				CODE_SIGN_STYLE = Automatic;
			};
			name = Release;
		};
		83CBBA201A601CBA00E9B192 /* Debug */ = {
			isa = XCBuildConfiguration;
			buildSettings = {
				ALWAYS_SEARCH_USER_PATHS = NO;
				CC = "";
				CLANG_ANALYZER_LOCALIZABILITY_NONLOCALIZED = YES;
				CLANG_CXX_LANGUAGE_STANDARD = "c++20";
				CLANG_CXX_LIBRARY = "libc++";
				CLANG_ENABLE_MODULES = YES;
				CLANG_ENABLE_OBJC_ARC = YES;
				CLANG_WARN_BLOCK_CAPTURE_AUTORELEASING = YES;
				CLANG_WARN_BOOL_CONVERSION = YES;
				CLANG_WARN_COMMA = YES;
				CLANG_WARN_CONSTANT_CONVERSION = YES;
				CLANG_WARN_DEPRECATED_OBJC_IMPLEMENTATIONS = YES;
				CLANG_WARN_DIRECT_OBJC_ISA_USAGE = YES_ERROR;
				CLANG_WARN_EMPTY_BODY = YES;
				CLANG_WARN_ENUM_CONVERSION = YES;
				CLANG_WARN_INFINITE_RECURSION = YES;
				CLANG_WARN_INT_CONVERSION = YES;
				CLANG_WARN_NON_LITERAL_NULL_CONVERSION = YES;
				CLANG_WARN_OBJC_IMPLICIT_RETAIN_SELF = YES;
				CLANG_WARN_OBJC_LITERAL_CONVERSION = YES;
				CLANG_WARN_OBJC_ROOT_CLASS = YES_ERROR;
				CLANG_WARN_RANGE_LOOP_ANALYSIS = YES;
				CLANG_WARN_STRICT_PROTOTYPES = YES;
				CLANG_WARN_SUSPICIOUS_MOVE = YES;
				CLANG_WARN_UNREACHABLE_CODE = YES;
				CLANG_WARN__DUPLICATE_METHOD_MATCH = YES;
				"CODE_SIGN_IDENTITY[sdk=iphoneos*]" = "iPhone Developer";
				COPY_PHASE_STRIP = NO;
				CXX = "";
				ENABLE_STRICT_OBJC_MSGSEND = YES;
				ENABLE_TESTABILITY = YES;
				GCC_C_LANGUAGE_STANDARD = gnu99;
				GCC_DYNAMIC_NO_PIC = NO;
				GCC_NO_COMMON_BLOCKS = YES;
				GCC_OPTIMIZATION_LEVEL = 0;
				GCC_PREPROCESSOR_DEFINITIONS = (
					"DEBUG=1",
					"$(inherited)",
				);
				GCC_SYMBOLS_PRIVATE_EXTERN = NO;
				GCC_WARN_64_TO_32_BIT_CONVERSION = YES;
				GCC_WARN_ABOUT_RETURN_TYPE = YES_ERROR;
				GCC_WARN_UNDECLARED_SELECTOR = YES;
				GCC_WARN_UNINITIALIZED_AUTOS = YES_AGGRESSIVE;
				GCC_WARN_UNUSED_FUNCTION = YES;
				GCC_WARN_UNUSED_VARIABLE = YES;
				IPHONEOS_DEPLOYMENT_TARGET = 13.4;
				LD = "";
				LDPLUSPLUS = "";
				LD_RUNPATH_SEARCH_PATHS = "/usr/lib/swift $(inherited)";
				LIBRARY_SEARCH_PATHS = "$(SDKROOT)/usr/lib/swift\"$(inherited)\"";
				MTL_ENABLE_DEBUG_INFO = YES;
				ONLY_ACTIVE_ARCH = YES;
				OTHER_LDFLAGS = (
					"$(inherited)",
					" ",
				);
				REACT_NATIVE_PATH = "${PODS_ROOT}/../../../../node_modules/react-native";
				SDKROOT = iphoneos;
				USE_HERMES = true;
			};
			name = Debug;
		};
		83CBBA211A601CBA00E9B192 /* Release */ = {
			isa = XCBuildConfiguration;
			buildSettings = {
				ALWAYS_SEARCH_USER_PATHS = NO;
				CC = "";
				CLANG_ANALYZER_LOCALIZABILITY_NONLOCALIZED = YES;
				CLANG_CXX_LANGUAGE_STANDARD = "c++20";
				CLANG_CXX_LIBRARY = "libc++";
				CLANG_ENABLE_MODULES = YES;
				CLANG_ENABLE_OBJC_ARC = YES;
				CLANG_WARN_BLOCK_CAPTURE_AUTORELEASING = YES;
				CLANG_WARN_BOOL_CONVERSION = YES;
				CLANG_WARN_COMMA = YES;
				CLANG_WARN_CONSTANT_CONVERSION = YES;
				CLANG_WARN_DEPRECATED_OBJC_IMPLEMENTATIONS = YES;
				CLANG_WARN_DIRECT_OBJC_ISA_USAGE = YES_ERROR;
				CLANG_WARN_EMPTY_BODY = YES;
				CLANG_WARN_ENUM_CONVERSION = YES;
				CLANG_WARN_INFINITE_RECURSION = YES;
				CLANG_WARN_INT_CONVERSION = YES;
				CLANG_WARN_NON_LITERAL_NULL_CONVERSION = YES;
				CLANG_WARN_OBJC_IMPLICIT_RETAIN_SELF = YES;
				CLANG_WARN_OBJC_LITERAL_CONVERSION = YES;
				CLANG_WARN_OBJC_ROOT_CLASS = YES_ERROR;
				CLANG_WARN_RANGE_LOOP_ANALYSIS = YES;
				CLANG_WARN_STRICT_PROTOTYPES = YES;
				CLANG_WARN_SUSPICIOUS_MOVE = YES;
				CLANG_WARN_UNREACHABLE_CODE = YES;
				CLANG_WARN__DUPLICATE_METHOD_MATCH = YES;
				"CODE_SIGN_IDENTITY[sdk=iphoneos*]" = "iPhone Developer";
				COPY_PHASE_STRIP = YES;
				CXX = "";
				ENABLE_NS_ASSERTIONS = NO;
				ENABLE_STRICT_OBJC_MSGSEND = YES;
				GCC_C_LANGUAGE_STANDARD = gnu99;
				GCC_NO_COMMON_BLOCKS = YES;
				GCC_WARN_64_TO_32_BIT_CONVERSION = YES;
				GCC_WARN_ABOUT_RETURN_TYPE = YES_ERROR;
				GCC_WARN_UNDECLARED_SELECTOR = YES;
				GCC_WARN_UNINITIALIZED_AUTOS = YES_AGGRESSIVE;
				GCC_WARN_UNUSED_FUNCTION = YES;
				GCC_WARN_UNUSED_VARIABLE = YES;
				IPHONEOS_DEPLOYMENT_TARGET = 13.4;
				LD = "";
				LDPLUSPLUS = "";
				LD_RUNPATH_SEARCH_PATHS = "/usr/lib/swift $(inherited)";
				LIBRARY_SEARCH_PATHS = "$(SDKROOT)/usr/lib/swift\"$(inherited)\"";
				MTL_ENABLE_DEBUG_INFO = NO;
				OTHER_LDFLAGS = (
					"$(inherited)",
					" ",
				);
				REACT_NATIVE_PATH = "${PODS_ROOT}/../../../../node_modules/react-native";
				SDKROOT = iphoneos;
				USE_HERMES = true;
				VALIDATE_PRODUCT = YES;
			};
			name = Release;
		};
/* End XCBuildConfiguration section */

/* Begin XCConfigurationList section */
		13B07F931A680F5B00A75B9A /* Build configuration list for PBXNativeTarget "Aquareum" */ = {
			isa = XCConfigurationList;
			buildConfigurations = (
				13B07F941A680F5B00A75B9A /* Debug */,
				13B07F951A680F5B00A75B9A /* Release */,
			);
			defaultConfigurationIsVisible = 0;
			defaultConfigurationName = Release;
		};
		83CBB9FA1A601CBA00E9B192 /* Build configuration list for PBXProject "Aquareum" */ = {
			isa = XCConfigurationList;
			buildConfigurations = (
				83CBBA201A601CBA00E9B192 /* Debug */,
				83CBBA211A601CBA00E9B192 /* Release */,
			);
			defaultConfigurationIsVisible = 0;
			defaultConfigurationName = Release;
		};
/* End XCConfigurationList section */
	};
	rootObject = 83CBB9F71A601CBA00E9B192 /* Project object */;
}
