// !$*UTF8*$!
{
	archiveVersion = 1;
	classes = {
	};
	objectVersion = 46;
	objects = {

/* Begin PBXBuildFile section */
		0DF8C3AC78C9481E80311D2F /* FiraSans-SemiBold.ttf in Resources */ = {isa = PBXBuildFile; fileRef = F70DD7659B514045A6857F34 /* FiraSans-SemiBold.ttf */; };
		13B07FBC1A68108700A75B9A /* AppDelegate.mm in Sources */ = {isa = PBXBuildFile; fileRef = 13B07FB01A68108700A75B9A /* AppDelegate.mm */; };
		13B07FBF1A68108700A75B9A /* Images.xcassets in Resources */ = {isa = PBXBuildFile; fileRef = 13B07FB51A68108700A75B9A /* Images.xcassets */; };
		13B07FC11A68108700A75B9A /* main.m in Sources */ = {isa = PBXBuildFile; fileRef = 13B07FB71A68108700A75B9A /* main.m */; };
		14601C55337E464F9184D1AE /* FiraCode-Medium.ttf in Resources */ = {isa = PBXBuildFile; fileRef = EF6EC0B251CC4629B8BA12C3 /* FiraCode-Medium.ttf */; };
		1B26787D077A4405952F3A2B /* FiraSans-BlackItalic.ttf in Resources */ = {isa = PBXBuildFile; fileRef = A7D3AA8BFAF7483886AF19CC /* FiraSans-BlackItalic.ttf */; };
		2B22A575C7B54240995B7B1C /* FiraSans-ExtraLight.ttf in Resources */ = {isa = PBXBuildFile; fileRef = 886C4D697EEA44B1A2553989 /* FiraSans-ExtraLight.ttf */; };
		3403A6D630B6477194D5BF0E /* FiraSans-BoldItalic.ttf in Resources */ = {isa = PBXBuildFile; fileRef = 88F0C4090AEF48AF9E1593E7 /* FiraSans-BoldItalic.ttf */; };
		3423A413F9A34459B89D000F /* FiraSans-Bold.ttf in Resources */ = {isa = PBXBuildFile; fileRef = B77DE8D9D8B844A697444E48 /* FiraSans-Bold.ttf */; };
		37D8AB7380A7411BA286638A /* FiraSans-SemiBoldItalic.ttf in Resources */ = {isa = PBXBuildFile; fileRef = 41EFA596C54C4AD08E23ADD3 /* FiraSans-SemiBoldItalic.ttf */; };
		3E461D99554A48A4959DE609 /* SplashScreen.storyboard in Resources */ = {isa = PBXBuildFile; fileRef = AA286B85B6C04FC6940260E9 /* SplashScreen.storyboard */; };
		40ED8C49F4B44FA7A17ED4F8 /* FiraSans-Light.ttf in Resources */ = {isa = PBXBuildFile; fileRef = C81F40CC5BF9469AA9F2C97C /* FiraSans-Light.ttf */; };
		426C8C204AD84C778052C4BE /* FiraSans-Black.ttf in Resources */ = {isa = PBXBuildFile; fileRef = 85241C77B67A4F81A143B96B /* FiraSans-Black.ttf */; };
		6060941544F14D05895F1AB7 /* FiraSans-ExtraBoldItalic.ttf in Resources */ = {isa = PBXBuildFile; fileRef = 662D78AFBDDE4CFCA1FAC638 /* FiraSans-ExtraBoldItalic.ttf */; };
		66DFF2F0A5944BE28457E12E /* FiraCode-Light.ttf in Resources */ = {isa = PBXBuildFile; fileRef = 6C5CF6ABBAA940F8A7999069 /* FiraCode-Light.ttf */; };
		6C4AFDEA60FC4FBD9084CF3E /* FiraSans-Medium.ttf in Resources */ = {isa = PBXBuildFile; fileRef = 8DD018A592584FF9B388B64C /* FiraSans-Medium.ttf */; };
		7DF620DCB54141F98ECD67A7 /* noop-file.swift in Sources */ = {isa = PBXBuildFile; fileRef = DE90671D20224E1B866640AD /* noop-file.swift */; };
		80FB6F897C6C4EFBBC277545 /* FiraSans-MediumItalic.ttf in Resources */ = {isa = PBXBuildFile; fileRef = E60CBA46AC7A450793BE059A /* FiraSans-MediumItalic.ttf */; };
		8DB2F91D1DBC4F9C80EC44FF /* FiraCode-Bold.ttf in Resources */ = {isa = PBXBuildFile; fileRef = 114BACCEBA5149A9890B5920 /* FiraCode-Bold.ttf */; };
		96905EF65AED1B983A6B3ABC /* libPods-Aquareum.a in Frameworks */ = {isa = PBXBuildFile; fileRef = 58EEBF8E8E6FB1BC6CAF49B5 /* libPods-Aquareum.a */; };
		9AA3C7010A1E4D7EA7E687EB /* FiraSans-ExtraLightItalic.ttf in Resources */ = {isa = PBXBuildFile; fileRef = 8B63477D244A48AE89CD9763 /* FiraSans-ExtraLightItalic.ttf */; };
		AFB62D6E0B8349CC8C697BD1 /* FiraSans-ThinItalic.ttf in Resources */ = {isa = PBXBuildFile; fileRef = 17343B4F5B714AC4A4010EFD /* FiraSans-ThinItalic.ttf */; };
		B18059E884C0ABDD17F3DC3D /* ExpoModulesProvider.swift in Sources */ = {isa = PBXBuildFile; fileRef = FAC715A2D49A985799AEE119 /* ExpoModulesProvider.swift */; };
		B8B1C29EDDE4462F987FEB8B /* FiraSans-Regular.ttf in Resources */ = {isa = PBXBuildFile; fileRef = E2C9259CDE254DA193252047 /* FiraSans-Regular.ttf */; };
		BB2F792D24A3F905000567C9 /* Expo.plist in Resources */ = {isa = PBXBuildFile; fileRef = BB2F792C24A3F905000567C9 /* Expo.plist */; };
		DD0645036870FC5404F97857 /* PrivacyInfo.xcprivacy in Resources */ = {isa = PBXBuildFile; fileRef = 1DE884F93CE74B3FCE06A004 /* PrivacyInfo.xcprivacy */; };
		DD198E73C44248329A8B4278 /* FiraSans-Thin.ttf in Resources */ = {isa = PBXBuildFile; fileRef = 40C063F5435C48FA8FC210EF /* FiraSans-Thin.ttf */; };
		E2EDFE7F428748F886148825 /* FiraSans-Italic.ttf in Resources */ = {isa = PBXBuildFile; fileRef = 5ACF6E0AF1FD4B7A8D7BD6C1 /* FiraSans-Italic.ttf */; };
		E81D1391754248D188F2817C /* FiraCode-Regular.ttf in Resources */ = {isa = PBXBuildFile; fileRef = 8C722C3AE963426C8915243B /* FiraCode-Regular.ttf */; };
		E9A0F104CC10400194B373B9 /* FiraSans-ExtraBold.ttf in Resources */ = {isa = PBXBuildFile; fileRef = 3FFC66932E304800A8BBF416 /* FiraSans-ExtraBold.ttf */; };
		E9BD19A0297E40F6BA672F69 /* FiraSans-LightItalic.ttf in Resources */ = {isa = PBXBuildFile; fileRef = F552F4C0A6594B639443CE16 /* FiraSans-LightItalic.ttf */; };
		F2145337275D4946B6049123 /* SpaceMono-Regular.ttf in Resources */ = {isa = PBXBuildFile; fileRef = 1E8C4455D9DB47D3ACD3577D /* SpaceMono-Regular.ttf */; };
		F38D6D4E98F24CD680C8C1C6 /* FiraCode-Retina.ttf in Resources */ = {isa = PBXBuildFile; fileRef = DD01C2DD763744AA9EBAF313 /* FiraCode-Retina.ttf */; };
/* End PBXBuildFile section */

/* Begin PBXFileReference section */
		114BACCEBA5149A9890B5920 /* FiraCode-Bold.ttf */ = {isa = PBXFileReference; explicitFileType = undefined; fileEncoding = undefined; includeInIndex = 0; lastKnownFileType = unknown; name = "FiraCode-Bold.ttf"; path = "../assets/fonts/FiraCode-Bold.ttf"; sourceTree = "<group>"; };
		13B07F961A680F5B00A75B9A /* Aquareum.app */ = {isa = PBXFileReference; explicitFileType = wrapper.application; includeInIndex = 0; path = Aquareum.app; sourceTree = BUILT_PRODUCTS_DIR; };
		13B07FAF1A68108700A75B9A /* AppDelegate.h */ = {isa = PBXFileReference; fileEncoding = 4; lastKnownFileType = sourcecode.c.h; name = AppDelegate.h; path = Aquareum/AppDelegate.h; sourceTree = "<group>"; };
		13B07FB01A68108700A75B9A /* AppDelegate.mm */ = {isa = PBXFileReference; fileEncoding = 4; lastKnownFileType = sourcecode.cpp.objcpp; name = AppDelegate.mm; path = Aquareum/AppDelegate.mm; sourceTree = "<group>"; };
		13B07FB51A68108700A75B9A /* Images.xcassets */ = {isa = PBXFileReference; lastKnownFileType = folder.assetcatalog; name = Images.xcassets; path = Aquareum/Images.xcassets; sourceTree = "<group>"; };
		13B07FB61A68108700A75B9A /* Info.plist */ = {isa = PBXFileReference; fileEncoding = 4; lastKnownFileType = text.plist.xml; name = Info.plist; path = Aquareum/Info.plist; sourceTree = "<group>"; };
		13B07FB71A68108700A75B9A /* main.m */ = {isa = PBXFileReference; fileEncoding = 4; lastKnownFileType = sourcecode.c.objc; name = main.m; path = Aquareum/main.m; sourceTree = "<group>"; };
		17343B4F5B714AC4A4010EFD /* FiraSans-ThinItalic.ttf */ = {isa = PBXFileReference; explicitFileType = undefined; fileEncoding = undefined; includeInIndex = 0; lastKnownFileType = unknown; name = "FiraSans-ThinItalic.ttf"; path = "../assets/fonts/FiraSans-ThinItalic.ttf"; sourceTree = "<group>"; };
		1DE884F93CE74B3FCE06A004 /* PrivacyInfo.xcprivacy */ = {isa = PBXFileReference; includeInIndex = 1; name = PrivacyInfo.xcprivacy; path = Aquareum/PrivacyInfo.xcprivacy; sourceTree = "<group>"; };
		1E8C4455D9DB47D3ACD3577D /* SpaceMono-Regular.ttf */ = {isa = PBXFileReference; explicitFileType = undefined; fileEncoding = undefined; includeInIndex = 0; lastKnownFileType = unknown; name = "SpaceMono-Regular.ttf"; path = "../assets/fonts/SpaceMono-Regular.ttf"; sourceTree = "<group>"; };
		3FFC66932E304800A8BBF416 /* FiraSans-ExtraBold.ttf */ = {isa = PBXFileReference; explicitFileType = undefined; fileEncoding = undefined; includeInIndex = 0; lastKnownFileType = unknown; name = "FiraSans-ExtraBold.ttf"; path = "../assets/fonts/FiraSans-ExtraBold.ttf"; sourceTree = "<group>"; };
		40C063F5435C48FA8FC210EF /* FiraSans-Thin.ttf */ = {isa = PBXFileReference; explicitFileType = undefined; fileEncoding = undefined; includeInIndex = 0; lastKnownFileType = unknown; name = "FiraSans-Thin.ttf"; path = "../assets/fonts/FiraSans-Thin.ttf"; sourceTree = "<group>"; };
		41EFA596C54C4AD08E23ADD3 /* FiraSans-SemiBoldItalic.ttf */ = {isa = PBXFileReference; explicitFileType = undefined; fileEncoding = undefined; includeInIndex = 0; lastKnownFileType = unknown; name = "FiraSans-SemiBoldItalic.ttf"; path = "../assets/fonts/FiraSans-SemiBoldItalic.ttf"; sourceTree = "<group>"; };
		46B17EF7A929442BBB21B46D /* Aquareum-Bridging-Header.h */ = {isa = PBXFileReference; explicitFileType = undefined; fileEncoding = 4; includeInIndex = 0; lastKnownFileType = sourcecode.c.h; name = "Aquareum-Bridging-Header.h"; path = "Aquareum/Aquareum-Bridging-Header.h"; sourceTree = "<group>"; };
		58EEBF8E8E6FB1BC6CAF49B5 /* libPods-Aquareum.a */ = {isa = PBXFileReference; explicitFileType = archive.ar; includeInIndex = 0; path = "libPods-Aquareum.a"; sourceTree = BUILT_PRODUCTS_DIR; };
		5ACF6E0AF1FD4B7A8D7BD6C1 /* FiraSans-Italic.ttf */ = {isa = PBXFileReference; explicitFileType = undefined; fileEncoding = undefined; includeInIndex = 0; lastKnownFileType = unknown; name = "FiraSans-Italic.ttf"; path = "../assets/fonts/FiraSans-Italic.ttf"; sourceTree = "<group>"; };
		662D78AFBDDE4CFCA1FAC638 /* FiraSans-ExtraBoldItalic.ttf */ = {isa = PBXFileReference; explicitFileType = undefined; fileEncoding = undefined; includeInIndex = 0; lastKnownFileType = unknown; name = "FiraSans-ExtraBoldItalic.ttf"; path = "../assets/fonts/FiraSans-ExtraBoldItalic.ttf"; sourceTree = "<group>"; };
		6C2E3173556A471DD304B334 /* Pods-Aquareum.debug.xcconfig */ = {isa = PBXFileReference; includeInIndex = 1; lastKnownFileType = text.xcconfig; name = "Pods-Aquareum.debug.xcconfig"; path = "Target Support Files/Pods-Aquareum/Pods-Aquareum.debug.xcconfig"; sourceTree = "<group>"; };
		6C5CF6ABBAA940F8A7999069 /* FiraCode-Light.ttf */ = {isa = PBXFileReference; explicitFileType = undefined; fileEncoding = undefined; includeInIndex = 0; lastKnownFileType = unknown; name = "FiraCode-Light.ttf"; path = "../assets/fonts/FiraCode-Light.ttf"; sourceTree = "<group>"; };
		7A4D352CD337FB3A3BF06240 /* Pods-Aquareum.release.xcconfig */ = {isa = PBXFileReference; includeInIndex = 1; lastKnownFileType = text.xcconfig; name = "Pods-Aquareum.release.xcconfig"; path = "Target Support Files/Pods-Aquareum/Pods-Aquareum.release.xcconfig"; sourceTree = "<group>"; };
		85241C77B67A4F81A143B96B /* FiraSans-Black.ttf */ = {isa = PBXFileReference; explicitFileType = undefined; fileEncoding = undefined; includeInIndex = 0; lastKnownFileType = unknown; name = "FiraSans-Black.ttf"; path = "../assets/fonts/FiraSans-Black.ttf"; sourceTree = "<group>"; };
		886C4D697EEA44B1A2553989 /* FiraSans-ExtraLight.ttf */ = {isa = PBXFileReference; explicitFileType = undefined; fileEncoding = undefined; includeInIndex = 0; lastKnownFileType = unknown; name = "FiraSans-ExtraLight.ttf"; path = "../assets/fonts/FiraSans-ExtraLight.ttf"; sourceTree = "<group>"; };
		88F0C4090AEF48AF9E1593E7 /* FiraSans-BoldItalic.ttf */ = {isa = PBXFileReference; explicitFileType = undefined; fileEncoding = undefined; includeInIndex = 0; lastKnownFileType = unknown; name = "FiraSans-BoldItalic.ttf"; path = "../assets/fonts/FiraSans-BoldItalic.ttf"; sourceTree = "<group>"; };
		8B63477D244A48AE89CD9763 /* FiraSans-ExtraLightItalic.ttf */ = {isa = PBXFileReference; explicitFileType = undefined; fileEncoding = undefined; includeInIndex = 0; lastKnownFileType = unknown; name = "FiraSans-ExtraLightItalic.ttf"; path = "../assets/fonts/FiraSans-ExtraLightItalic.ttf"; sourceTree = "<group>"; };
		8C722C3AE963426C8915243B /* FiraCode-Regular.ttf */ = {isa = PBXFileReference; explicitFileType = undefined; fileEncoding = undefined; includeInIndex = 0; lastKnownFileType = unknown; name = "FiraCode-Regular.ttf"; path = "../assets/fonts/FiraCode-Regular.ttf"; sourceTree = "<group>"; };
		8DD018A592584FF9B388B64C /* FiraSans-Medium.ttf */ = {isa = PBXFileReference; explicitFileType = undefined; fileEncoding = undefined; includeInIndex = 0; lastKnownFileType = unknown; name = "FiraSans-Medium.ttf"; path = "../assets/fonts/FiraSans-Medium.ttf"; sourceTree = "<group>"; };
		A7D3AA8BFAF7483886AF19CC /* FiraSans-BlackItalic.ttf */ = {isa = PBXFileReference; explicitFileType = undefined; fileEncoding = undefined; includeInIndex = 0; lastKnownFileType = unknown; name = "FiraSans-BlackItalic.ttf"; path = "../assets/fonts/FiraSans-BlackItalic.ttf"; sourceTree = "<group>"; };
		AA286B85B6C04FC6940260E9 /* SplashScreen.storyboard */ = {isa = PBXFileReference; fileEncoding = 4; lastKnownFileType = file.storyboard; name = SplashScreen.storyboard; path = Aquareum/SplashScreen.storyboard; sourceTree = "<group>"; };
		B77DE8D9D8B844A697444E48 /* FiraSans-Bold.ttf */ = {isa = PBXFileReference; explicitFileType = undefined; fileEncoding = undefined; includeInIndex = 0; lastKnownFileType = unknown; name = "FiraSans-Bold.ttf"; path = "../assets/fonts/FiraSans-Bold.ttf"; sourceTree = "<group>"; };
		BB2F792C24A3F905000567C9 /* Expo.plist */ = {isa = PBXFileReference; fileEncoding = 4; lastKnownFileType = text.plist.xml; path = Expo.plist; sourceTree = "<group>"; };
		C81F40CC5BF9469AA9F2C97C /* FiraSans-Light.ttf */ = {isa = PBXFileReference; explicitFileType = undefined; fileEncoding = undefined; includeInIndex = 0; lastKnownFileType = unknown; name = "FiraSans-Light.ttf"; path = "../assets/fonts/FiraSans-Light.ttf"; sourceTree = "<group>"; };
		DD01C2DD763744AA9EBAF313 /* FiraCode-Retina.ttf */ = {isa = PBXFileReference; explicitFileType = undefined; fileEncoding = undefined; includeInIndex = 0; lastKnownFileType = unknown; name = "FiraCode-Retina.ttf"; path = "../assets/fonts/FiraCode-Retina.ttf"; sourceTree = "<group>"; };
		DE90671D20224E1B866640AD /* noop-file.swift */ = {isa = PBXFileReference; explicitFileType = undefined; fileEncoding = 4; includeInIndex = 0; lastKnownFileType = sourcecode.swift; name = "noop-file.swift"; path = "Aquareum/noop-file.swift"; sourceTree = "<group>"; };
		E2C9259CDE254DA193252047 /* FiraSans-Regular.ttf */ = {isa = PBXFileReference; explicitFileType = undefined; fileEncoding = undefined; includeInIndex = 0; lastKnownFileType = unknown; name = "FiraSans-Regular.ttf"; path = "../assets/fonts/FiraSans-Regular.ttf"; sourceTree = "<group>"; };
		E60CBA46AC7A450793BE059A /* FiraSans-MediumItalic.ttf */ = {isa = PBXFileReference; explicitFileType = undefined; fileEncoding = undefined; includeInIndex = 0; lastKnownFileType = unknown; name = "FiraSans-MediumItalic.ttf"; path = "../assets/fonts/FiraSans-MediumItalic.ttf"; sourceTree = "<group>"; };
		ED297162215061F000B7C4FE /* JavaScriptCore.framework */ = {isa = PBXFileReference; lastKnownFileType = wrapper.framework; name = JavaScriptCore.framework; path = System/Library/Frameworks/JavaScriptCore.framework; sourceTree = SDKROOT; };
		EF6EC0B251CC4629B8BA12C3 /* FiraCode-Medium.ttf */ = {isa = PBXFileReference; explicitFileType = undefined; fileEncoding = undefined; includeInIndex = 0; lastKnownFileType = unknown; name = "FiraCode-Medium.ttf"; path = "../assets/fonts/FiraCode-Medium.ttf"; sourceTree = "<group>"; };
		F552F4C0A6594B639443CE16 /* FiraSans-LightItalic.ttf */ = {isa = PBXFileReference; explicitFileType = undefined; fileEncoding = undefined; includeInIndex = 0; lastKnownFileType = unknown; name = "FiraSans-LightItalic.ttf"; path = "../assets/fonts/FiraSans-LightItalic.ttf"; sourceTree = "<group>"; };
		F70DD7659B514045A6857F34 /* FiraSans-SemiBold.ttf */ = {isa = PBXFileReference; explicitFileType = undefined; fileEncoding = undefined; includeInIndex = 0; lastKnownFileType = unknown; name = "FiraSans-SemiBold.ttf"; path = "../assets/fonts/FiraSans-SemiBold.ttf"; sourceTree = "<group>"; };
		FAC715A2D49A985799AEE119 /* ExpoModulesProvider.swift */ = {isa = PBXFileReference; includeInIndex = 1; lastKnownFileType = sourcecode.swift; name = ExpoModulesProvider.swift; path = "Pods/Target Support Files/Pods-Aquareum/ExpoModulesProvider.swift"; sourceTree = "<group>"; };
/* End PBXFileReference section */

/* Begin PBXFrameworksBuildPhase section */
		13B07F8C1A680F5B00A75B9A /* Frameworks */ = {
			isa = PBXFrameworksBuildPhase;
			buildActionMask = 2147483647;
			files = (
				96905EF65AED1B983A6B3ABC /* libPods-Aquareum.a in Frameworks */,
			);
			runOnlyForDeploymentPostprocessing = 0;
		};
/* End PBXFrameworksBuildPhase section */

/* Begin PBXGroup section */
		13B07FAE1A68108700A75B9A /* Aquareum */ = {
			isa = PBXGroup;
			children = (
				BB2F792B24A3F905000567C9 /* Supporting */,
				13B07FAF1A68108700A75B9A /* AppDelegate.h */,
				13B07FB01A68108700A75B9A /* AppDelegate.mm */,
				13B07FB51A68108700A75B9A /* Images.xcassets */,
				13B07FB61A68108700A75B9A /* Info.plist */,
				13B07FB71A68108700A75B9A /* main.m */,
				AA286B85B6C04FC6940260E9 /* SplashScreen.storyboard */,
				DE90671D20224E1B866640AD /* noop-file.swift */,
				46B17EF7A929442BBB21B46D /* Aquareum-Bridging-Header.h */,
				1DE884F93CE74B3FCE06A004 /* PrivacyInfo.xcprivacy */,
			);
			name = Aquareum;
			sourceTree = "<group>";
		};
		2D16E6871FA4F8E400B85C8A /* Frameworks */ = {
			isa = PBXGroup;
			children = (
				ED297162215061F000B7C4FE /* JavaScriptCore.framework */,
				58EEBF8E8E6FB1BC6CAF49B5 /* libPods-Aquareum.a */,
			);
			name = Frameworks;
			sourceTree = "<group>";
		};
		832341AE1AAA6A7D00B99B32 /* Libraries */ = {
			isa = PBXGroup;
			children = (
			);
			name = Libraries;
			sourceTree = "<group>";
		};
		83CBB9F61A601CBA00E9B192 = {
			isa = PBXGroup;
			children = (
				13B07FAE1A68108700A75B9A /* Aquareum */,
				832341AE1AAA6A7D00B99B32 /* Libraries */,
				83CBBA001A601CBA00E9B192 /* Products */,
				2D16E6871FA4F8E400B85C8A /* Frameworks */,
				D65327D7A22EEC0BE12398D9 /* Pods */,
				D7E4C46ADA2E9064B798F356 /* ExpoModulesProviders */,
				C34D40BC61114E369275B08A /* Resources */,
			);
			indentWidth = 2;
			sourceTree = "<group>";
			tabWidth = 2;
			usesTabs = 0;
		};
		83CBBA001A601CBA00E9B192 /* Products */ = {
			isa = PBXGroup;
			children = (
				13B07F961A680F5B00A75B9A /* Aquareum.app */,
			);
			name = Products;
			sourceTree = "<group>";
		};
		92DBD88DE9BF7D494EA9DA96 /* Aquareum */ = {
			isa = PBXGroup;
			children = (
				FAC715A2D49A985799AEE119 /* ExpoModulesProvider.swift */,
			);
			name = Aquareum;
			sourceTree = "<group>";
		};
		BB2F792B24A3F905000567C9 /* Supporting */ = {
			isa = PBXGroup;
			children = (
				BB2F792C24A3F905000567C9 /* Expo.plist */,
			);
			name = Supporting;
			path = Aquareum/Supporting;
			sourceTree = "<group>";
		};
		C34D40BC61114E369275B08A /* Resources */ = {
			isa = PBXGroup;
			children = (
				114BACCEBA5149A9890B5920 /* FiraCode-Bold.ttf */,
				6C5CF6ABBAA940F8A7999069 /* FiraCode-Light.ttf */,
				EF6EC0B251CC4629B8BA12C3 /* FiraCode-Medium.ttf */,
				8C722C3AE963426C8915243B /* FiraCode-Regular.ttf */,
				DD01C2DD763744AA9EBAF313 /* FiraCode-Retina.ttf */,
				85241C77B67A4F81A143B96B /* FiraSans-Black.ttf */,
				A7D3AA8BFAF7483886AF19CC /* FiraSans-BlackItalic.ttf */,
				B77DE8D9D8B844A697444E48 /* FiraSans-Bold.ttf */,
				88F0C4090AEF48AF9E1593E7 /* FiraSans-BoldItalic.ttf */,
				3FFC66932E304800A8BBF416 /* FiraSans-ExtraBold.ttf */,
				662D78AFBDDE4CFCA1FAC638 /* FiraSans-ExtraBoldItalic.ttf */,
				886C4D697EEA44B1A2553989 /* FiraSans-ExtraLight.ttf */,
				8B63477D244A48AE89CD9763 /* FiraSans-ExtraLightItalic.ttf */,
				5ACF6E0AF1FD4B7A8D7BD6C1 /* FiraSans-Italic.ttf */,
				C81F40CC5BF9469AA9F2C97C /* FiraSans-Light.ttf */,
				F552F4C0A6594B639443CE16 /* FiraSans-LightItalic.ttf */,
				8DD018A592584FF9B388B64C /* FiraSans-Medium.ttf */,
				E60CBA46AC7A450793BE059A /* FiraSans-MediumItalic.ttf */,
				E2C9259CDE254DA193252047 /* FiraSans-Regular.ttf */,
				F70DD7659B514045A6857F34 /* FiraSans-SemiBold.ttf */,
				41EFA596C54C4AD08E23ADD3 /* FiraSans-SemiBoldItalic.ttf */,
				40C063F5435C48FA8FC210EF /* FiraSans-Thin.ttf */,
				17343B4F5B714AC4A4010EFD /* FiraSans-ThinItalic.ttf */,
				1E8C4455D9DB47D3ACD3577D /* SpaceMono-Regular.ttf */,
			);
			name = Resources;
			path = "";
			sourceTree = "<group>";
		};
		D65327D7A22EEC0BE12398D9 /* Pods */ = {
			isa = PBXGroup;
			children = (
				6C2E3173556A471DD304B334 /* Pods-Aquareum.debug.xcconfig */,
				7A4D352CD337FB3A3BF06240 /* Pods-Aquareum.release.xcconfig */,
			);
			path = Pods;
			sourceTree = "<group>";
		};
		D7E4C46ADA2E9064B798F356 /* ExpoModulesProviders */ = {
			isa = PBXGroup;
			children = (
				92DBD88DE9BF7D494EA9DA96 /* Aquareum */,
			);
			name = ExpoModulesProviders;
			sourceTree = "<group>";
		};
/* End PBXGroup section */

/* Begin PBXNativeTarget section */
		13B07F861A680F5B00A75B9A /* Aquareum */ = {
			isa = PBXNativeTarget;
			buildConfigurationList = 13B07F931A680F5B00A75B9A /* Build configuration list for PBXNativeTarget "Aquareum" */;
			buildPhases = (
				08A4A3CD28434E44B6B9DE2E /* [CP] Check Pods Manifest.lock */,
				66C92BEC11E10C967D47E333 /* [Expo] Configure project */,
				13B07F871A680F5B00A75B9A /* Sources */,
				13B07F8C1A680F5B00A75B9A /* Frameworks */,
				13B07F8E1A680F5B00A75B9A /* Resources */,
				00DD1BFF1BD5951E006B06BC /* Bundle React Native code and images */,
				800E24972A6A228C8D4807E9 /* [CP] Copy Pods Resources */,
				3494FDC244C603F9034023FA /* [CP] Embed Pods Frameworks */,
			);
			buildRules = (
			);
			dependencies = (
			);
			name = Aquareum;
			productName = Aquareum;
			productReference = 13B07F961A680F5B00A75B9A /* Aquareum.app */;
			productType = "com.apple.product-type.application";
		};
/* End PBXNativeTarget section */

/* Begin PBXProject section */
		83CBB9F71A601CBA00E9B192 /* Project object */ = {
			isa = PBXProject;
			attributes = {
				LastUpgradeCheck = 1130;
				TargetAttributes = {
					13B07F861A680F5B00A75B9A = {
						LastSwiftMigration = 1250;
					};
				};
			};
			buildConfigurationList = 83CBB9FA1A601CBA00E9B192 /* Build configuration list for PBXProject "Aquareum" */;
			compatibilityVersion = "Xcode 3.2";
			developmentRegion = en;
			hasScannedForEncodings = 0;
			knownRegions = (
				en,
				Base,
			);
			mainGroup = 83CBB9F61A601CBA00E9B192;
			productRefGroup = 83CBBA001A601CBA00E9B192 /* Products */;
			projectDirPath = "";
			projectRoot = "";
			targets = (
				13B07F861A680F5B00A75B9A /* Aquareum */,
			);
		};
/* End PBXProject section */

/* Begin PBXResourcesBuildPhase section */
		13B07F8E1A680F5B00A75B9A /* Resources */ = {
			isa = PBXResourcesBuildPhase;
			buildActionMask = 2147483647;
			files = (
				BB2F792D24A3F905000567C9 /* Expo.plist in Resources */,
				13B07FBF1A68108700A75B9A /* Images.xcassets in Resources */,
				3E461D99554A48A4959DE609 /* SplashScreen.storyboard in Resources */,
				8DB2F91D1DBC4F9C80EC44FF /* FiraCode-Bold.ttf in Resources */,
				66DFF2F0A5944BE28457E12E /* FiraCode-Light.ttf in Resources */,
				14601C55337E464F9184D1AE /* FiraCode-Medium.ttf in Resources */,
				E81D1391754248D188F2817C /* FiraCode-Regular.ttf in Resources */,
				F38D6D4E98F24CD680C8C1C6 /* FiraCode-Retina.ttf in Resources */,
				426C8C204AD84C778052C4BE /* FiraSans-Black.ttf in Resources */,
				1B26787D077A4405952F3A2B /* FiraSans-BlackItalic.ttf in Resources */,
				3423A413F9A34459B89D000F /* FiraSans-Bold.ttf in Resources */,
				3403A6D630B6477194D5BF0E /* FiraSans-BoldItalic.ttf in Resources */,
				E9A0F104CC10400194B373B9 /* FiraSans-ExtraBold.ttf in Resources */,
				6060941544F14D05895F1AB7 /* FiraSans-ExtraBoldItalic.ttf in Resources */,
				2B22A575C7B54240995B7B1C /* FiraSans-ExtraLight.ttf in Resources */,
				9AA3C7010A1E4D7EA7E687EB /* FiraSans-ExtraLightItalic.ttf in Resources */,
				E2EDFE7F428748F886148825 /* FiraSans-Italic.ttf in Resources */,
				40ED8C49F4B44FA7A17ED4F8 /* FiraSans-Light.ttf in Resources */,
				E9BD19A0297E40F6BA672F69 /* FiraSans-LightItalic.ttf in Resources */,
				6C4AFDEA60FC4FBD9084CF3E /* FiraSans-Medium.ttf in Resources */,
				80FB6F897C6C4EFBBC277545 /* FiraSans-MediumItalic.ttf in Resources */,
				B8B1C29EDDE4462F987FEB8B /* FiraSans-Regular.ttf in Resources */,
				0DF8C3AC78C9481E80311D2F /* FiraSans-SemiBold.ttf in Resources */,
				37D8AB7380A7411BA286638A /* FiraSans-SemiBoldItalic.ttf in Resources */,
				DD198E73C44248329A8B4278 /* FiraSans-Thin.ttf in Resources */,
				AFB62D6E0B8349CC8C697BD1 /* FiraSans-ThinItalic.ttf in Resources */,
				F2145337275D4946B6049123 /* SpaceMono-Regular.ttf in Resources */,
				DD0645036870FC5404F97857 /* PrivacyInfo.xcprivacy in Resources */,
			);
			runOnlyForDeploymentPostprocessing = 0;
		};
/* End PBXResourcesBuildPhase section */

/* Begin PBXShellScriptBuildPhase section */
		00DD1BFF1BD5951E006B06BC /* Bundle React Native code and images */ = {
			isa = PBXShellScriptBuildPhase;
			alwaysOutOfDate = 1;
			buildActionMask = 2147483647;
			files = (
			);
			inputPaths = (
			);
			name = "Bundle React Native code and images";
			outputPaths = (
			);
			runOnlyForDeploymentPostprocessing = 0;
			shellPath = /bin/sh;
			shellScript = "if [[ -f \"$PODS_ROOT/../.xcode.env\" ]]; then\n  source \"$PODS_ROOT/../.xcode.env\"\nfi\nif [[ -f \"$PODS_ROOT/../.xcode.env.local\" ]]; then\n  source \"$PODS_ROOT/../.xcode.env.local\"\nfi\n\n# The project root by default is one level up from the ios directory\nexport PROJECT_ROOT=\"$PROJECT_DIR\"/..\n\nif [[ \"$CONFIGURATION\" = *Debug* ]]; then\n  export SKIP_BUNDLING=1\nfi\nif [[ -z \"$ENTRY_FILE\" ]]; then\n  # Set the entry JS file using the bundler's entry resolution.\n  export ENTRY_FILE=\"$(\"$NODE_BINARY\" -e \"require('expo/scripts/resolveAppEntry')\" \"$PROJECT_ROOT\" ios absolute | tail -n 1)\"\nfi\n\nif [[ -z \"$CLI_PATH\" ]]; then\n  # Use Expo CLI\n  export CLI_PATH=\"$(\"$NODE_BINARY\" --print \"require.resolve('@expo/cli', { paths: [require.resolve('expo/package.json')] })\")\"\nfi\nif [[ -z \"$BUNDLE_COMMAND\" ]]; then\n  # Default Expo CLI command for bundling\n  export BUNDLE_COMMAND=\"export:embed\"\nfi\n\n# Source .xcode.env.updates if it exists to allow\n# SKIP_BUNDLING to be unset if needed\nif [[ -f \"$PODS_ROOT/../.xcode.env.updates\" ]]; then\n  source \"$PODS_ROOT/../.xcode.env.updates\"\nfi\n# Source local changes to allow overrides\n# if needed\nif [[ -f \"$PODS_ROOT/../.xcode.env.local\" ]]; then\n  source \"$PODS_ROOT/../.xcode.env.local\"\nfi\n\n`\"$NODE_BINARY\" --print \"require('path').dirname(require.resolve('react-native/package.json')) + '/scripts/react-native-xcode.sh'\"`\n\n";
		};
		08A4A3CD28434E44B6B9DE2E /* [CP] Check Pods Manifest.lock */ = {
			isa = PBXShellScriptBuildPhase;
			buildActionMask = 2147483647;
			files = (
			);
			inputFileListPaths = (
			);
			inputPaths = (
				"${PODS_PODFILE_DIR_PATH}/Podfile.lock",
				"${PODS_ROOT}/Manifest.lock",
			);
			name = "[CP] Check Pods Manifest.lock";
			outputFileListPaths = (
			);
			outputPaths = (
				"$(DERIVED_FILE_DIR)/Pods-Aquareum-checkManifestLockResult.txt",
			);
			runOnlyForDeploymentPostprocessing = 0;
			shellPath = /bin/sh;
			shellScript = "diff \"${PODS_PODFILE_DIR_PATH}/Podfile.lock\" \"${PODS_ROOT}/Manifest.lock\" > /dev/null\nif [ $? != 0 ] ; then\n    # print error to STDERR\n    echo \"error: The sandbox is not in sync with the Podfile.lock. Run 'pod install' or update your CocoaPods installation.\" >&2\n    exit 1\nfi\n# This output is used by Xcode 'outputs' to avoid re-running this script phase.\necho \"SUCCESS\" > \"${SCRIPT_OUTPUT_FILE_0}\"\n";
			showEnvVarsInLog = 0;
		};
		3494FDC244C603F9034023FA /* [CP] Embed Pods Frameworks */ = {
			isa = PBXShellScriptBuildPhase;
			buildActionMask = 2147483647;
			files = (
			);
			inputPaths = (
				"${PODS_ROOT}/Target Support Files/Pods-Aquareum/Pods-Aquareum-frameworks.sh",
				"${PODS_XCFRAMEWORKS_BUILD_DIR}/hermes-engine/Pre-built/hermes.framework/hermes",
			);
			name = "[CP] Embed Pods Frameworks";
			outputPaths = (
				"${TARGET_BUILD_DIR}/${FRAMEWORKS_FOLDER_PATH}/hermes.framework",
			);
			runOnlyForDeploymentPostprocessing = 0;
			shellPath = /bin/sh;
			shellScript = "\"${PODS_ROOT}/Target Support Files/Pods-Aquareum/Pods-Aquareum-frameworks.sh\"\n";
			showEnvVarsInLog = 0;
		};
		66C92BEC11E10C967D47E333 /* [Expo] Configure project */ = {
			isa = PBXShellScriptBuildPhase;
			alwaysOutOfDate = 1;
			buildActionMask = 2147483647;
			files = (
			);
			inputFileListPaths = (
			);
			inputPaths = (
			);
			name = "[Expo] Configure project";
			outputFileListPaths = (
			);
			outputPaths = (
			);
			runOnlyForDeploymentPostprocessing = 0;
			shellPath = /bin/sh;
			shellScript = "# This script configures Expo modules and generates the modules provider file.\nbash -l -c \"./Pods/Target\\ Support\\ Files/Pods-Aquareum/expo-configure-project.sh\"\n";
		};
		800E24972A6A228C8D4807E9 /* [CP] Copy Pods Resources */ = {
			isa = PBXShellScriptBuildPhase;
			buildActionMask = 2147483647;
			files = (
			);
			inputPaths = (
				"${PODS_ROOT}/Target Support Files/Pods-Aquareum/Pods-Aquareum-resources.sh",
				"${PODS_CONFIGURATION_BUILD_DIR}/EXConstants/EXConstants.bundle",
				"${PODS_CONFIGURATION_BUILD_DIR}/EXConstants/ExpoConstants_privacy.bundle",
				"${PODS_CONFIGURATION_BUILD_DIR}/EXUpdates/EXUpdates.bundle",
				"${PODS_CONFIGURATION_BUILD_DIR}/ExpoFileSystem/ExpoFileSystem_privacy.bundle",
				"${PODS_CONFIGURATION_BUILD_DIR}/ExpoSystemUI/ExpoSystemUI_privacy.bundle",
				"${PODS_CONFIGURATION_BUILD_DIR}/ReachabilitySwift/ReachabilitySwift.bundle",
				"${PODS_CONFIGURATION_BUILD_DIR}/React-Core/RCTI18nStrings.bundle",
			);
			name = "[CP] Copy Pods Resources";
			outputPaths = (
				"${TARGET_BUILD_DIR}/${UNLOCALIZED_RESOURCES_FOLDER_PATH}/EXConstants.bundle",
				"${TARGET_BUILD_DIR}/${UNLOCALIZED_RESOURCES_FOLDER_PATH}/ExpoConstants_privacy.bundle",
				"${TARGET_BUILD_DIR}/${UNLOCALIZED_RESOURCES_FOLDER_PATH}/EXUpdates.bundle",
				"${TARGET_BUILD_DIR}/${UNLOCALIZED_RESOURCES_FOLDER_PATH}/ExpoFileSystem_privacy.bundle",
				"${TARGET_BUILD_DIR}/${UNLOCALIZED_RESOURCES_FOLDER_PATH}/ExpoSystemUI_privacy.bundle",
				"${TARGET_BUILD_DIR}/${UNLOCALIZED_RESOURCES_FOLDER_PATH}/ReachabilitySwift.bundle",
				"${TARGET_BUILD_DIR}/${UNLOCALIZED_RESOURCES_FOLDER_PATH}/RCTI18nStrings.bundle",
			);
			runOnlyForDeploymentPostprocessing = 0;
			shellPath = /bin/sh;
			shellScript = "\"${PODS_ROOT}/Target Support Files/Pods-Aquareum/Pods-Aquareum-resources.sh\"\n";
			showEnvVarsInLog = 0;
		};
/* End PBXShellScriptBuildPhase section */

/* Begin PBXSourcesBuildPhase section */
		13B07F871A680F5B00A75B9A /* Sources */ = {
			isa = PBXSourcesBuildPhase;
			buildActionMask = 2147483647;
			files = (
				13B07FBC1A68108700A75B9A /* AppDelegate.mm in Sources */,
				13B07FC11A68108700A75B9A /* main.m in Sources */,
				B18059E884C0ABDD17F3DC3D /* ExpoModulesProvider.swift in Sources */,
				7DF620DCB54141F98ECD67A7 /* noop-file.swift in Sources */,
			);
			runOnlyForDeploymentPostprocessing = 0;
		};
/* End PBXSourcesBuildPhase section */

/* Begin XCBuildConfiguration section */
		13B07F941A680F5B00A75B9A /* Debug */ = {
			isa = XCBuildConfiguration;
			baseConfigurationReference = 6C2E3173556A471DD304B334 /* Pods-Aquareum.debug.xcconfig */;
			buildSettings = {
				ASSETCATALOG_COMPILER_APPICON_NAME = AppIcon;
				CLANG_ENABLE_MODULES = YES;
				CODE_SIGN_ENTITLEMENTS = Aquareum/Aquareum.entitlements;
				CURRENT_PROJECT_VERSION = 1;
				ENABLE_BITCODE = NO;
				GCC_PREPROCESSOR_DEFINITIONS = (
					"$(inherited)",
					"FB_SONARKIT_ENABLED=1",
				);
				INFOPLIST_FILE = Aquareum/Info.plist;
				IPHONEOS_DEPLOYMENT_TARGET = 13.4;
				LD_RUNPATH_SEARCH_PATHS = "$(inherited) @executable_path/Frameworks";
				MARKETING_VERSION = 1.0;
				OTHER_LDFLAGS = (
					"$(inherited)",
					"-ObjC",
					"-lc++",
				);
				OTHER_SWIFT_FLAGS = "$(inherited) -D EXPO_CONFIGURATION_DEBUG";
				PRODUCT_BUNDLE_IDENTIFIER = tv.aquareum;
				PRODUCT_NAME = Aquareum;
				SWIFT_OBJC_BRIDGING_HEADER = "Aquareum/Aquareum-Bridging-Header.h";
				SWIFT_OPTIMIZATION_LEVEL = "-Onone";
				SWIFT_VERSION = 5.0;
				TARGETED_DEVICE_FAMILY = "1,2";
				VERSIONING_SYSTEM = "apple-generic";
			};
			name = Debug;
		};
		13B07F951A680F5B00A75B9A /* Release */ = {
			isa = XCBuildConfiguration;
			baseConfigurationReference = 7A4D352CD337FB3A3BF06240 /* Pods-Aquareum.release.xcconfig */;
			buildSettings = {
				ASSETCATALOG_COMPILER_APPICON_NAME = AppIcon;
				CLANG_ENABLE_MODULES = YES;
				CODE_SIGN_ENTITLEMENTS = Aquareum/Aquareum.entitlements;
				CURRENT_PROJECT_VERSION = 1;
				INFOPLIST_FILE = Aquareum/Info.plist;
				IPHONEOS_DEPLOYMENT_TARGET = 13.4;
				LD_RUNPATH_SEARCH_PATHS = "$(inherited) @executable_path/Frameworks";
				MARKETING_VERSION = 1.0;
				OTHER_LDFLAGS = (
					"$(inherited)",
					"-ObjC",
					"-lc++",
				);
				OTHER_SWIFT_FLAGS = "$(inherited) -D EXPO_CONFIGURATION_RELEASE";
				PRODUCT_BUNDLE_IDENTIFIER = tv.aquareum;
				PRODUCT_NAME = Aquareum;
				SWIFT_OBJC_BRIDGING_HEADER = "Aquareum/Aquareum-Bridging-Header.h";
				SWIFT_VERSION = 5.0;
				TARGETED_DEVICE_FAMILY = "1,2";
				VERSIONING_SYSTEM = "apple-generic";
			};
			name = Release;
		};
		83CBBA201A601CBA00E9B192 /* Debug */ = {
			isa = XCBuildConfiguration;
			buildSettings = {
				ALWAYS_SEARCH_USER_PATHS = NO;
				CC = "";
				CLANG_ANALYZER_LOCALIZABILITY_NONLOCALIZED = YES;
				CLANG_CXX_LANGUAGE_STANDARD = "c++20";
				CLANG_CXX_LIBRARY = "libc++";
				CLANG_ENABLE_MODULES = YES;
				CLANG_ENABLE_OBJC_ARC = YES;
				CLANG_WARN_BLOCK_CAPTURE_AUTORELEASING = YES;
				CLANG_WARN_BOOL_CONVERSION = YES;
				CLANG_WARN_COMMA = YES;
				CLANG_WARN_CONSTANT_CONVERSION = YES;
				CLANG_WARN_DEPRECATED_OBJC_IMPLEMENTATIONS = YES;
				CLANG_WARN_DIRECT_OBJC_ISA_USAGE = YES_ERROR;
				CLANG_WARN_EMPTY_BODY = YES;
				CLANG_WARN_ENUM_CONVERSION = YES;
				CLANG_WARN_INFINITE_RECURSION = YES;
				CLANG_WARN_INT_CONVERSION = YES;
				CLANG_WARN_NON_LITERAL_NULL_CONVERSION = YES;
				CLANG_WARN_OBJC_IMPLICIT_RETAIN_SELF = YES;
				CLANG_WARN_OBJC_LITERAL_CONVERSION = YES;
				CLANG_WARN_OBJC_ROOT_CLASS = YES_ERROR;
				CLANG_WARN_RANGE_LOOP_ANALYSIS = YES;
				CLANG_WARN_STRICT_PROTOTYPES = YES;
				CLANG_WARN_SUSPICIOUS_MOVE = YES;
				CLANG_WARN_UNREACHABLE_CODE = YES;
				CLANG_WARN__DUPLICATE_METHOD_MATCH = YES;
				"CODE_SIGN_IDENTITY[sdk=iphoneos*]" = "iPhone Developer";
				COPY_PHASE_STRIP = NO;
				CXX = "";
				ENABLE_STRICT_OBJC_MSGSEND = YES;
				ENABLE_TESTABILITY = YES;
				GCC_C_LANGUAGE_STANDARD = gnu99;
				GCC_DYNAMIC_NO_PIC = NO;
				GCC_NO_COMMON_BLOCKS = YES;
				GCC_OPTIMIZATION_LEVEL = 0;
				GCC_PREPROCESSOR_DEFINITIONS = (
					"DEBUG=1",
					"$(inherited)",
				);
				GCC_SYMBOLS_PRIVATE_EXTERN = NO;
				GCC_WARN_64_TO_32_BIT_CONVERSION = YES;
				GCC_WARN_ABOUT_RETURN_TYPE = YES_ERROR;
				GCC_WARN_UNDECLARED_SELECTOR = YES;
				GCC_WARN_UNINITIALIZED_AUTOS = YES_AGGRESSIVE;
				GCC_WARN_UNUSED_FUNCTION = YES;
				GCC_WARN_UNUSED_VARIABLE = YES;
				IPHONEOS_DEPLOYMENT_TARGET = 13.4;
				LD = "";
				LDPLUSPLUS = "";
				LD_RUNPATH_SEARCH_PATHS = "/usr/lib/swift $(inherited)";
				LIBRARY_SEARCH_PATHS = "$(SDKROOT)/usr/lib/swift\"$(inherited)\"";
				MTL_ENABLE_DEBUG_INFO = YES;
				ONLY_ACTIVE_ARCH = YES;
				OTHER_LDFLAGS = (
					"$(inherited)",
					" ",
				);
				REACT_NATIVE_PATH = "${PODS_ROOT}/../../../../node_modules/react-native";
				SDKROOT = iphoneos;
				USE_HERMES = true;
			};
			name = Debug;
		};
		83CBBA211A601CBA00E9B192 /* Release */ = {
			isa = XCBuildConfiguration;
			buildSettings = {
				ALWAYS_SEARCH_USER_PATHS = NO;
				CC = "";
				CLANG_ANALYZER_LOCALIZABILITY_NONLOCALIZED = YES;
				CLANG_CXX_LANGUAGE_STANDARD = "c++20";
				CLANG_CXX_LIBRARY = "libc++";
				CLANG_ENABLE_MODULES = YES;
				CLANG_ENABLE_OBJC_ARC = YES;
				CLANG_WARN_BLOCK_CAPTURE_AUTORELEASING = YES;
				CLANG_WARN_BOOL_CONVERSION = YES;
				CLANG_WARN_COMMA = YES;
				CLANG_WARN_CONSTANT_CONVERSION = YES;
				CLANG_WARN_DEPRECATED_OBJC_IMPLEMENTATIONS = YES;
				CLANG_WARN_DIRECT_OBJC_ISA_USAGE = YES_ERROR;
				CLANG_WARN_EMPTY_BODY = YES;
				CLANG_WARN_ENUM_CONVERSION = YES;
				CLANG_WARN_INFINITE_RECURSION = YES;
				CLANG_WARN_INT_CONVERSION = YES;
				CLANG_WARN_NON_LITERAL_NULL_CONVERSION = YES;
				CLANG_WARN_OBJC_IMPLICIT_RETAIN_SELF = YES;
				CLANG_WARN_OBJC_LITERAL_CONVERSION = YES;
				CLANG_WARN_OBJC_ROOT_CLASS = YES_ERROR;
				CLANG_WARN_RANGE_LOOP_ANALYSIS = YES;
				CLANG_WARN_STRICT_PROTOTYPES = YES;
				CLANG_WARN_SUSPICIOUS_MOVE = YES;
				CLANG_WARN_UNREACHABLE_CODE = YES;
				CLANG_WARN__DUPLICATE_METHOD_MATCH = YES;
				"CODE_SIGN_IDENTITY[sdk=iphoneos*]" = "iPhone Developer";
				COPY_PHASE_STRIP = YES;
				CXX = "";
				ENABLE_NS_ASSERTIONS = NO;
				ENABLE_STRICT_OBJC_MSGSEND = YES;
				GCC_C_LANGUAGE_STANDARD = gnu99;
				GCC_NO_COMMON_BLOCKS = YES;
				GCC_WARN_64_TO_32_BIT_CONVERSION = YES;
				GCC_WARN_ABOUT_RETURN_TYPE = YES_ERROR;
				GCC_WARN_UNDECLARED_SELECTOR = YES;
				GCC_WARN_UNINITIALIZED_AUTOS = YES_AGGRESSIVE;
				GCC_WARN_UNUSED_FUNCTION = YES;
				GCC_WARN_UNUSED_VARIABLE = YES;
				IPHONEOS_DEPLOYMENT_TARGET = 13.4;
				LD = "";
				LDPLUSPLUS = "";
				LD_RUNPATH_SEARCH_PATHS = "/usr/lib/swift $(inherited)";
				LIBRARY_SEARCH_PATHS = "$(SDKROOT)/usr/lib/swift\"$(inherited)\"";
				MTL_ENABLE_DEBUG_INFO = NO;
				OTHER_LDFLAGS = (
					"$(inherited)",
					" ",
				);
				REACT_NATIVE_PATH = "${PODS_ROOT}/../../../../node_modules/react-native";
				SDKROOT = iphoneos;
				USE_HERMES = true;
				VALIDATE_PRODUCT = YES;
			};
			name = Release;
		};
/* End XCBuildConfiguration section */

/* Begin XCConfigurationList section */
		13B07F931A680F5B00A75B9A /* Build configuration list for PBXNativeTarget "Aquareum" */ = {
			isa = XCConfigurationList;
			buildConfigurations = (
				13B07F941A680F5B00A75B9A /* Debug */,
				13B07F951A680F5B00A75B9A /* Release */,
			);
			defaultConfigurationIsVisible = 0;
			defaultConfigurationName = Release;
		};
		83CBB9FA1A601CBA00E9B192 /* Build configuration list for PBXProject "Aquareum" */ = {
			isa = XCConfigurationList;
			buildConfigurations = (
				83CBBA201A601CBA00E9B192 /* Debug */,
				83CBBA211A601CBA00E9B192 /* Release */,
			);
			defaultConfigurationIsVisible = 0;
			defaultConfigurationName = Release;
		};
/* End XCConfigurationList section */
	};
	rootObject = 83CBB9F71A601CBA00E9B192 /* Project object */;
}
